// !$*UTF8*$!
{
	archiveVersion = 1;
	classes = {
	};
	objectVersion = 46;
	objects = {

/* Begin PBXBuildFile section */
		2EC47C4A18CBBD24001F23F6 /* Football.jpg in Resources */ = {isa = PBXBuildFile; fileRef = 2EC47C4518CBBD24001F23F6 /* Football.jpg */; };
		2EC47C4B18CBBD24001F23F6 /* baseball.png in Resources */ = {isa = PBXBuildFile; fileRef = 2EC47C4618CBBD24001F23F6 /* baseball.png */; };
		2EC47C4C18CBBD24001F23F6 /* basketball.png in Resources */ = {isa = PBXBuildFile; fileRef = 2EC47C4718CBBD24001F23F6 /* basketball.png */; };
		2EC47C4D18CBBD24001F23F6 /* soccerball.png in Resources */ = {isa = PBXBuildFile; fileRef = 2EC47C4818CBBD24001F23F6 /* soccerball.png */; };
		2EC47C4E18CBBD24001F23F6 /* tennis.png in Resources */ = {isa = PBXBuildFile; fileRef = 2EC47C4918CBBD24001F23F6 /* tennis.png */; };
		2EC47C5018CBCB96001F23F6 /* unchecked.png in Resources */ = {isa = PBXBuildFile; fileRef = 2EC47C4F18CBCB96001F23F6 /* unchecked.png */; };
		2EC47C5218CBCBCD001F23F6 /* checkedbox.png in Resources */ = {isa = PBXBuildFile; fileRef = 2EC47C5118CBCBCD001F23F6 /* checkedbox.png */; };
		2ED715EE18CAD3E100452AB5 /* honeycomb.jpg in Resources */ = {isa = PBXBuildFile; fileRef = 2ED715ED18CAD3E100452AB5 /* honeycomb.jpg */; };
		2ED715F018CAD59C00452AB5 /* words.png in Resources */ = {isa = PBXBuildFile; fileRef = 2ED715EF18CAD59C00452AB5 /* words.png */; };
		2ED715F218CAD5E300452AB5 /* words_cirlce.png in Resources */ = {isa = PBXBuildFile; fileRef = 2ED715F118CAD5E300452AB5 /* words_cirlce.png */; };
		2EEC28FF18CA961300706067 /* simple_green.png in Resources */ = {isa = PBXBuildFile; fileRef = 2EEC28FE18CA961300706067 /* simple_green.png */; };
		2EEC290118CAA2B300706067 /* soccer.jpg in Resources */ = {isa = PBXBuildFile; fileRef = 2EEC290018CAA2B300706067 /* soccer.jpg */; };
		2EEC290318CAA98500706067 /* mybutton.png in Resources */ = {isa = PBXBuildFile; fileRef = 2EEC290218CAA98500706067 /* mybutton.png */; };
		2EEC290518CAA9C800706067 /* mybutton@2x.png in Resources */ = {isa = PBXBuildFile; fileRef = 2EEC290418CAA9C800706067 /* mybutton@2x.png */; };
		2EEC290718CAAD7000706067 /* gray_metal.jpg in Resources */ = {isa = PBXBuildFile; fileRef = 2EEC290618CAAD7000706067 /* gray_metal.jpg */; };
		2EEC290B18CAB18000706067 /* gray_flat.jpg in Resources */ = {isa = PBXBuildFile; fileRef = 2EEC290A18CAB18000706067 /* gray_flat.jpg */; };
		2EEC290F18CAB41300706067 /* futbol-obekty-yumor-21142.jpg in Resources */ = {isa = PBXBuildFile; fileRef = 2EEC290E18CAB41300706067 /* futbol-obekty-yumor-21142.jpg */; };
		D512D64518C91B9300E788E1 /* Foundation.framework in Frameworks */ = {isa = PBXBuildFile; fileRef = D512D64418C91B9300E788E1 /* Foundation.framework */; };
		D512D64718C91B9300E788E1 /* CoreGraphics.framework in Frameworks */ = {isa = PBXBuildFile; fileRef = D512D64618C91B9300E788E1 /* CoreGraphics.framework */; };
		D512D64918C91B9300E788E1 /* UIKit.framework in Frameworks */ = {isa = PBXBuildFile; fileRef = D512D64818C91B9300E788E1 /* UIKit.framework */; };
		D512D64F18C91B9300E788E1 /* InfoPlist.strings in Resources */ = {isa = PBXBuildFile; fileRef = D512D64D18C91B9300E788E1 /* InfoPlist.strings */; };
		D512D65118C91B9300E788E1 /* main.m in Sources */ = {isa = PBXBuildFile; fileRef = D512D65018C91B9300E788E1 /* main.m */; };
		D512D65518C91B9300E788E1 /* PickUpAppDelegate.m in Sources */ = {isa = PBXBuildFile; fileRef = D512D65418C91B9300E788E1 /* PickUpAppDelegate.m */; };
		D512D65818C91B9300E788E1 /* Main_iPhone.storyboard in Resources */ = {isa = PBXBuildFile; fileRef = D512D65618C91B9300E788E1 /* Main_iPhone.storyboard */; };
		D512D65B18C91B9300E788E1 /* Main_iPad.storyboard in Resources */ = {isa = PBXBuildFile; fileRef = D512D65918C91B9300E788E1 /* Main_iPad.storyboard */; };
		D512D65E18C91B9300E788E1 /* PickUpFirstViewController.m in Sources */ = {isa = PBXBuildFile; fileRef = D512D65D18C91B9300E788E1 /* PickUpFirstViewController.m */; };
		D512D66118C91B9300E788E1 /* PickUpSecondViewController.m in Sources */ = {isa = PBXBuildFile; fileRef = D512D66018C91B9300E788E1 /* PickUpSecondViewController.m */; };
		D512D66318C91B9300E788E1 /* Images.xcassets in Resources */ = {isa = PBXBuildFile; fileRef = D512D66218C91B9300E788E1 /* Images.xcassets */; };
		D512D66A18C91B9300E788E1 /* XCTest.framework in Frameworks */ = {isa = PBXBuildFile; fileRef = D512D66918C91B9300E788E1 /* XCTest.framework */; };
		D512D66B18C91B9300E788E1 /* Foundation.framework in Frameworks */ = {isa = PBXBuildFile; fileRef = D512D64418C91B9300E788E1 /* Foundation.framework */; };
		D512D66C18C91B9300E788E1 /* UIKit.framework in Frameworks */ = {isa = PBXBuildFile; fileRef = D512D64818C91B9300E788E1 /* UIKit.framework */; };
		D512D67418C91B9300E788E1 /* InfoPlist.strings in Resources */ = {isa = PBXBuildFile; fileRef = D512D67218C91B9300E788E1 /* InfoPlist.strings */; };
		D512D67618C91B9300E788E1 /* PickUpTests.m in Sources */ = {isa = PBXBuildFile; fileRef = D512D67518C91B9300E788E1 /* PickUpTests.m */; };
		D546388118CA78C70028D662 /* RegisterViewController.m in Sources */ = {isa = PBXBuildFile; fileRef = D546388018CA78C70028D662 /* RegisterViewController.m */; };
		D546388418CA78E70028D662 /* InitialViewController.m in Sources */ = {isa = PBXBuildFile; fileRef = D546388318CA78E70028D662 /* InitialViewController.m */; };
		D546388718CA794A0028D662 /* MyEventsViewController.m in Sources */ = {isa = PBXBuildFile; fileRef = D546388618CA794A0028D662 /* MyEventsViewController.m */; };
		D54D21BA18CBC42000B2C4D0 /* SearchResultsViewController.m in Sources */ = {isa = PBXBuildFile; fileRef = D54D21B918CBC42000B2C4D0 /* SearchResultsViewController.m */; };
		D54D21BE18CBCEB300B2C4D0 /* EventInfoViewController.m in Sources */ = {isa = PBXBuildFile; fileRef = D54D21BC18CBCEB300B2C4D0 /* EventInfoViewController.m */; };
		D54D21BF18CBCEB300B2C4D0 /* EventInfoViewController.xib in Resources */ = {isa = PBXBuildFile; fileRef = D54D21BD18CBCEB300B2C4D0 /* EventInfoViewController.xib */; };
		D54D21C218CBD8F000B2C4D0 /* ProfessionalViewController.m in Sources */ = {isa = PBXBuildFile; fileRef = D54D21C118CBD8F000B2C4D0 /* ProfessionalViewController.m */; };
		D54D21C418CBE77D00B2C4D0 /* mlb.plist in Resources */ = {isa = PBXBuildFile; fileRef = D54D21C318CBE77D00B2C4D0 /* mlb.plist */; };
		D54D21C618CBE78400B2C4D0 /* mls.plist in Resources */ = {isa = PBXBuildFile; fileRef = D54D21C518CBE78400B2C4D0 /* mls.plist */; };
		D54D21C818CBE78A00B2C4D0 /* nba.plist in Resources */ = {isa = PBXBuildFile; fileRef = D54D21C718CBE78A00B2C4D0 /* nba.plist */; };
		D54D21CA18CBE78F00B2C4D0 /* nfl.plist in Resources */ = {isa = PBXBuildFile; fileRef = D54D21C918CBE78F00B2C4D0 /* nfl.plist */; };
		D54D21CD18CBEB1900B2C4D0 /* WebViewController.m in Sources */ = {isa = PBXBuildFile; fileRef = D54D21CC18CBEB1900B2C4D0 /* WebViewController.m */; };
		D5526B2118CA5122001AF659 /* CreateEventViewController.m in Sources */ = {isa = PBXBuildFile; fileRef = D5526B2018CA5122001AF659 /* CreateEventViewController.m */; };
		D59AE13418C938AA00037820 /* sports.png in Resources */ = {isa = PBXBuildFile; fileRef = D59AE13318C938AA00037820 /* sports.png */; };
		D59AE13618C9398B00037820 /* sports1.png in Resources */ = {isa = PBXBuildFile; fileRef = D59AE13518C9398B00037820 /* sports1.png */; };
		D59AE13A18C93A9C00037820 /* sports4.png in Resources */ = {isa = PBXBuildFile; fileRef = D59AE13918C93A9C00037820 /* sports4.png */; };
		D59AE13D18C93D8700037820 /* PickUpViewController.m in Sources */ = {isa = PBXBuildFile; fileRef = D59AE13C18C93D8700037820 /* PickUpViewController.m */; };
		D59AE14018C9438E00037820 /* LoginViewController.m in Sources */ = {isa = PBXBuildFile; fileRef = D59AE13F18C9438E00037820 /* LoginViewController.m */; };
/* End PBXBuildFile section */

/* Begin PBXContainerItemProxy section */
		D512D66D18C91B9300E788E1 /* PBXContainerItemProxy */ = {
			isa = PBXContainerItemProxy;
			containerPortal = D512D63918C91B9300E788E1 /* Project object */;
			proxyType = 1;
			remoteGlobalIDString = D512D64018C91B9300E788E1;
			remoteInfo = PickUp;
		};
/* End PBXContainerItemProxy section */

/* Begin PBXFileReference section */
		2EC47C4518CBBD24001F23F6 /* Football.jpg */ = {isa = PBXFileReference; lastKnownFileType = image.jpeg; path = Football.jpg; sourceTree = "<group>"; };
		2EC47C4618CBBD24001F23F6 /* baseball.png */ = {isa = PBXFileReference; lastKnownFileType = image.png; path = baseball.png; sourceTree = "<group>"; };
		2EC47C4718CBBD24001F23F6 /* basketball.png */ = {isa = PBXFileReference; lastKnownFileType = image.png; path = basketball.png; sourceTree = "<group>"; };
		2EC47C4818CBBD24001F23F6 /* soccerball.png */ = {isa = PBXFileReference; lastKnownFileType = image.png; path = soccerball.png; sourceTree = "<group>"; };
		2EC47C4918CBBD24001F23F6 /* tennis.png */ = {isa = PBXFileReference; lastKnownFileType = image.png; path = tennis.png; sourceTree = "<group>"; };
		2EC47C4F18CBCB96001F23F6 /* unchecked.png */ = {isa = PBXFileReference; lastKnownFileType = image.png; path = unchecked.png; sourceTree = "<group>"; };
		2EC47C5118CBCBCD001F23F6 /* checkedbox.png */ = {isa = PBXFileReference; lastKnownFileType = image.png; path = checkedbox.png; sourceTree = "<group>"; };
		2ED715ED18CAD3E100452AB5 /* honeycomb.jpg */ = {isa = PBXFileReference; lastKnownFileType = image.jpeg; path = honeycomb.jpg; sourceTree = "<group>"; };
		2ED715EF18CAD59C00452AB5 /* words.png */ = {isa = PBXFileReference; lastKnownFileType = image.png; path = words.png; sourceTree = "<group>"; };
		2ED715F118CAD5E300452AB5 /* words_cirlce.png */ = {isa = PBXFileReference; lastKnownFileType = image.png; path = words_cirlce.png; sourceTree = "<group>"; };
		2EEC28FE18CA961300706067 /* simple_green.png */ = {isa = PBXFileReference; lastKnownFileType = image.png; path = simple_green.png; sourceTree = "<group>"; };
		2EEC290018CAA2B300706067 /* soccer.jpg */ = {isa = PBXFileReference; lastKnownFileType = image.jpeg; path = soccer.jpg; sourceTree = "<group>"; };
		2EEC290218CAA98500706067 /* mybutton.png */ = {isa = PBXFileReference; lastKnownFileType = image.png; path = mybutton.png; sourceTree = "<group>"; };
		2EEC290418CAA9C800706067 /* mybutton@2x.png */ = {isa = PBXFileReference; lastKnownFileType = image.png; path = "mybutton@2x.png"; sourceTree = "<group>"; };
		2EEC290618CAAD7000706067 /* gray_metal.jpg */ = {isa = PBXFileReference; lastKnownFileType = image.jpeg; path = gray_metal.jpg; sourceTree = "<group>"; };
		2EEC290A18CAB18000706067 /* gray_flat.jpg */ = {isa = PBXFileReference; lastKnownFileType = image.jpeg; path = gray_flat.jpg; sourceTree = "<group>"; };
		2EEC290E18CAB41300706067 /* futbol-obekty-yumor-21142.jpg */ = {isa = PBXFileReference; lastKnownFileType = image.jpeg; path = "futbol-obekty-yumor-21142.jpg"; sourceTree = "<group>"; };
		D512D64118C91B9300E788E1 /* PickUp.app */ = {isa = PBXFileReference; explicitFileType = wrapper.application; includeInIndex = 0; path = PickUp.app; sourceTree = BUILT_PRODUCTS_DIR; };
		D512D64418C91B9300E788E1 /* Foundation.framework */ = {isa = PBXFileReference; lastKnownFileType = wrapper.framework; name = Foundation.framework; path = System/Library/Frameworks/Foundation.framework; sourceTree = SDKROOT; };
		D512D64618C91B9300E788E1 /* CoreGraphics.framework */ = {isa = PBXFileReference; lastKnownFileType = wrapper.framework; name = CoreGraphics.framework; path = System/Library/Frameworks/CoreGraphics.framework; sourceTree = SDKROOT; };
		D512D64818C91B9300E788E1 /* UIKit.framework */ = {isa = PBXFileReference; lastKnownFileType = wrapper.framework; name = UIKit.framework; path = System/Library/Frameworks/UIKit.framework; sourceTree = SDKROOT; };
		D512D64C18C91B9300E788E1 /* PickUp-Info.plist */ = {isa = PBXFileReference; lastKnownFileType = text.plist.xml; path = "PickUp-Info.plist"; sourceTree = "<group>"; };
		D512D64E18C91B9300E788E1 /* en */ = {isa = PBXFileReference; lastKnownFileType = text.plist.strings; name = en; path = en.lproj/InfoPlist.strings; sourceTree = "<group>"; };
		D512D65018C91B9300E788E1 /* main.m */ = {isa = PBXFileReference; lastKnownFileType = sourcecode.c.objc; path = main.m; sourceTree = "<group>"; };
		D512D65218C91B9300E788E1 /* PickUp-Prefix.pch */ = {isa = PBXFileReference; lastKnownFileType = sourcecode.c.h; path = "PickUp-Prefix.pch"; sourceTree = "<group>"; };
		D512D65318C91B9300E788E1 /* PickUpAppDelegate.h */ = {isa = PBXFileReference; lastKnownFileType = sourcecode.c.h; path = PickUpAppDelegate.h; sourceTree = "<group>"; };
		D512D65418C91B9300E788E1 /* PickUpAppDelegate.m */ = {isa = PBXFileReference; lastKnownFileType = sourcecode.c.objc; path = PickUpAppDelegate.m; sourceTree = "<group>"; };
		D512D65718C91B9300E788E1 /* Base */ = {isa = PBXFileReference; lastKnownFileType = file.storyboard; name = Base; path = Base.lproj/Main_iPhone.storyboard; sourceTree = "<group>"; };
		D512D65A18C91B9300E788E1 /* Base */ = {isa = PBXFileReference; lastKnownFileType = file.storyboard; name = Base; path = Base.lproj/Main_iPad.storyboard; sourceTree = "<group>"; };
		D512D65C18C91B9300E788E1 /* PickUpFirstViewController.h */ = {isa = PBXFileReference; lastKnownFileType = sourcecode.c.h; path = PickUpFirstViewController.h; sourceTree = "<group>"; };
		D512D65D18C91B9300E788E1 /* PickUpFirstViewController.m */ = {isa = PBXFileReference; lastKnownFileType = sourcecode.c.objc; path = PickUpFirstViewController.m; sourceTree = "<group>"; };
		D512D65F18C91B9300E788E1 /* PickUpSecondViewController.h */ = {isa = PBXFileReference; lastKnownFileType = sourcecode.c.h; path = PickUpSecondViewController.h; sourceTree = "<group>"; };
		D512D66018C91B9300E788E1 /* PickUpSecondViewController.m */ = {isa = PBXFileReference; lastKnownFileType = sourcecode.c.objc; path = PickUpSecondViewController.m; sourceTree = "<group>"; };
		D512D66218C91B9300E788E1 /* Images.xcassets */ = {isa = PBXFileReference; lastKnownFileType = folder.assetcatalog; path = Images.xcassets; sourceTree = "<group>"; };
		D512D66818C91B9300E788E1 /* PickUpTests.xctest */ = {isa = PBXFileReference; explicitFileType = wrapper.cfbundle; includeInIndex = 0; path = PickUpTests.xctest; sourceTree = BUILT_PRODUCTS_DIR; };
		D512D66918C91B9300E788E1 /* XCTest.framework */ = {isa = PBXFileReference; lastKnownFileType = wrapper.framework; name = XCTest.framework; path = Library/Frameworks/XCTest.framework; sourceTree = DEVELOPER_DIR; };
		D512D67118C91B9300E788E1 /* PickUpTests-Info.plist */ = {isa = PBXFileReference; lastKnownFileType = text.plist.xml; path = "PickUpTests-Info.plist"; sourceTree = "<group>"; };
		D512D67318C91B9300E788E1 /* en */ = {isa = PBXFileReference; lastKnownFileType = text.plist.strings; name = en; path = en.lproj/InfoPlist.strings; sourceTree = "<group>"; };
		D512D67518C91B9300E788E1 /* PickUpTests.m */ = {isa = PBXFileReference; lastKnownFileType = sourcecode.c.objc; path = PickUpTests.m; sourceTree = "<group>"; };
		D546387F18CA78C70028D662 /* RegisterViewController.h */ = {isa = PBXFileReference; fileEncoding = 4; lastKnownFileType = sourcecode.c.h; path = RegisterViewController.h; sourceTree = "<group>"; };
		D546388018CA78C70028D662 /* RegisterViewController.m */ = {isa = PBXFileReference; fileEncoding = 4; lastKnownFileType = sourcecode.c.objc; path = RegisterViewController.m; sourceTree = "<group>"; };
		D546388218CA78E70028D662 /* InitialViewController.h */ = {isa = PBXFileReference; fileEncoding = 4; lastKnownFileType = sourcecode.c.h; path = InitialViewController.h; sourceTree = "<group>"; };
		D546388318CA78E70028D662 /* InitialViewController.m */ = {isa = PBXFileReference; fileEncoding = 4; lastKnownFileType = sourcecode.c.objc; path = InitialViewController.m; sourceTree = "<group>"; };
		D546388518CA794A0028D662 /* MyEventsViewController.h */ = {isa = PBXFileReference; fileEncoding = 4; lastKnownFileType = sourcecode.c.h; path = MyEventsViewController.h; sourceTree = "<group>"; };
		D546388618CA794A0028D662 /* MyEventsViewController.m */ = {isa = PBXFileReference; fileEncoding = 4; lastKnownFileType = sourcecode.c.objc; path = MyEventsViewController.m; sourceTree = "<group>"; };
		D54D21B818CBC42000B2C4D0 /* SearchResultsViewController.h */ = {isa = PBXFileReference; fileEncoding = 4; lastKnownFileType = sourcecode.c.h; path = SearchResultsViewController.h; sourceTree = "<group>"; };
		D54D21B918CBC42000B2C4D0 /* SearchResultsViewController.m */ = {isa = PBXFileReference; fileEncoding = 4; lastKnownFileType = sourcecode.c.objc; path = SearchResultsViewController.m; sourceTree = "<group>"; };
		D54D21BB18CBCEB300B2C4D0 /* EventInfoViewController.h */ = {isa = PBXFileReference; fileEncoding = 4; lastKnownFileType = sourcecode.c.h; path = EventInfoViewController.h; sourceTree = "<group>"; };
		D54D21BC18CBCEB300B2C4D0 /* EventInfoViewController.m */ = {isa = PBXFileReference; fileEncoding = 4; lastKnownFileType = sourcecode.c.objc; path = EventInfoViewController.m; sourceTree = "<group>"; };
		D54D21BD18CBCEB300B2C4D0 /* EventInfoViewController.xib */ = {isa = PBXFileReference; fileEncoding = 4; lastKnownFileType = file.xib; path = EventInfoViewController.xib; sourceTree = "<group>"; };
		D54D21C018CBD8F000B2C4D0 /* ProfessionalViewController.h */ = {isa = PBXFileReference; fileEncoding = 4; lastKnownFileType = sourcecode.c.h; path = ProfessionalViewController.h; sourceTree = "<group>"; };
		D54D21C118CBD8F000B2C4D0 /* ProfessionalViewController.m */ = {isa = PBXFileReference; fileEncoding = 4; lastKnownFileType = sourcecode.c.objc; path = ProfessionalViewController.m; sourceTree = "<group>"; };
		D54D21C318CBE77D00B2C4D0 /* mlb.plist */ = {isa = PBXFileReference; fileEncoding = 4; lastKnownFileType = text.plist.xml; path = mlb.plist; sourceTree = "<group>"; };
		D54D21C518CBE78400B2C4D0 /* mls.plist */ = {isa = PBXFileReference; fileEncoding = 4; lastKnownFileType = text.plist.xml; path = mls.plist; sourceTree = "<group>"; };
		D54D21C718CBE78A00B2C4D0 /* nba.plist */ = {isa = PBXFileReference; fileEncoding = 4; lastKnownFileType = text.plist.xml; path = nba.plist; sourceTree = "<group>"; };
		D54D21C918CBE78F00B2C4D0 /* nfl.plist */ = {isa = PBXFileReference; fileEncoding = 4; lastKnownFileType = text.plist.xml; path = nfl.plist; sourceTree = "<group>"; };
		D54D21CB18CBEB1900B2C4D0 /* WebViewController.h */ = {isa = PBXFileReference; fileEncoding = 4; lastKnownFileType = sourcecode.c.h; path = WebViewController.h; sourceTree = "<group>"; };
		D54D21CC18CBEB1900B2C4D0 /* WebViewController.m */ = {isa = PBXFileReference; fileEncoding = 4; lastKnownFileType = sourcecode.c.objc; path = WebViewController.m; sourceTree = "<group>"; };
		D5526B1F18CA5122001AF659 /* CreateEventViewController.h */ = {isa = PBXFileReference; fileEncoding = 4; lastKnownFileType = sourcecode.c.h; path = CreateEventViewController.h; sourceTree = "<group>"; };
		D5526B2018CA5122001AF659 /* CreateEventViewController.m */ = {isa = PBXFileReference; fileEncoding = 4; lastKnownFileType = sourcecode.c.objc; path = CreateEventViewController.m; sourceTree = "<group>"; };
		D59AE13318C938AA00037820 /* sports.png */ = {isa = PBXFileReference; lastKnownFileType = image.png; path = sports.png; sourceTree = "<group>"; };
		D59AE13518C9398B00037820 /* sports1.png */ = {isa = PBXFileReference; lastKnownFileType = image.png; path = sports1.png; sourceTree = "<group>"; };
		D59AE13918C93A9C00037820 /* sports4.png */ = {isa = PBXFileReference; lastKnownFileType = image.png; path = sports4.png; sourceTree = "<group>"; };
		D59AE13B18C93D8700037820 /* PickUpViewController.h */ = {isa = PBXFileReference; fileEncoding = 4; lastKnownFileType = sourcecode.c.h; path = PickUpViewController.h; sourceTree = "<group>"; };
		D59AE13C18C93D8700037820 /* PickUpViewController.m */ = {isa = PBXFileReference; fileEncoding = 4; lastKnownFileType = sourcecode.c.objc; path = PickUpViewController.m; sourceTree = "<group>"; };
		D59AE13E18C9438E00037820 /* LoginViewController.h */ = {isa = PBXFileReference; fileEncoding = 4; lastKnownFileType = sourcecode.c.h; path = LoginViewController.h; sourceTree = "<group>"; };
		D59AE13F18C9438E00037820 /* LoginViewController.m */ = {isa = PBXFileReference; fileEncoding = 4; lastKnownFileType = sourcecode.c.objc; path = LoginViewController.m; sourceTree = "<group>"; };
/* End PBXFileReference section */

/* Begin PBXFrameworksBuildPhase section */
		D512D63E18C91B9300E788E1 /* Frameworks */ = {
			isa = PBXFrameworksBuildPhase;
			buildActionMask = 2147483647;
			files = (
				D512D64718C91B9300E788E1 /* CoreGraphics.framework in Frameworks */,
				D512D64918C91B9300E788E1 /* UIKit.framework in Frameworks */,
				D512D64518C91B9300E788E1 /* Foundation.framework in Frameworks */,
			);
			runOnlyForDeploymentPostprocessing = 0;
		};
		D512D66518C91B9300E788E1 /* Frameworks */ = {
			isa = PBXFrameworksBuildPhase;
			buildActionMask = 2147483647;
			files = (
				D512D66A18C91B9300E788E1 /* XCTest.framework in Frameworks */,
				D512D66C18C91B9300E788E1 /* UIKit.framework in Frameworks */,
				D512D66B18C91B9300E788E1 /* Foundation.framework in Frameworks */,
			);
			runOnlyForDeploymentPostprocessing = 0;
		};
/* End PBXFrameworksBuildPhase section */

/* Begin PBXGroup section */
		D512D63818C91B9300E788E1 = {
			isa = PBXGroup;
			children = (
				D512D64A18C91B9300E788E1 /* PickUp */,
				D512D66F18C91B9300E788E1 /* PickUpTests */,
				D512D64318C91B9300E788E1 /* Frameworks */,
				D512D64218C91B9300E788E1 /* Products */,
			);
			sourceTree = "<group>";
		};
		D512D64218C91B9300E788E1 /* Products */ = {
			isa = PBXGroup;
			children = (
				D512D64118C91B9300E788E1 /* PickUp.app */,
				D512D66818C91B9300E788E1 /* PickUpTests.xctest */,
			);
			name = Products;
			sourceTree = "<group>";
		};
		D512D64318C91B9300E788E1 /* Frameworks */ = {
			isa = PBXGroup;
			children = (
				D512D64418C91B9300E788E1 /* Foundation.framework */,
				D512D64618C91B9300E788E1 /* CoreGraphics.framework */,
				D512D64818C91B9300E788E1 /* UIKit.framework */,
				D512D66918C91B9300E788E1 /* XCTest.framework */,
			);
			name = Frameworks;
			sourceTree = "<group>";
		};
		D512D64A18C91B9300E788E1 /* PickUp */ = {
			isa = PBXGroup;
			children = (
				D512D65318C91B9300E788E1 /* PickUpAppDelegate.h */,
				D512D65418C91B9300E788E1 /* PickUpAppDelegate.m */,
				D512D65618C91B9300E788E1 /* Main_iPhone.storyboard */,
				D54D21C018CBD8F000B2C4D0 /* ProfessionalViewController.h */,
				D54D21C118CBD8F000B2C4D0 /* ProfessionalViewController.m */,
				D54D21CB18CBEB1900B2C4D0 /* WebViewController.h */,
				D54D21CC18CBEB1900B2C4D0 /* WebViewController.m */,
				D54D21B818CBC42000B2C4D0 /* SearchResultsViewController.h */,
				D54D21B918CBC42000B2C4D0 /* SearchResultsViewController.m */,
				D59AE13E18C9438E00037820 /* LoginViewController.h */,
				D59AE13F18C9438E00037820 /* LoginViewController.m */,
				D546387F18CA78C70028D662 /* RegisterViewController.h */,
				D546388018CA78C70028D662 /* RegisterViewController.m */,
				D546388218CA78E70028D662 /* InitialViewController.h */,
				D546388318CA78E70028D662 /* InitialViewController.m */,
				D546388518CA794A0028D662 /* MyEventsViewController.h */,
				D546388618CA794A0028D662 /* MyEventsViewController.m */,
				D59AE13B18C93D8700037820 /* PickUpViewController.h */,
				D59AE13C18C93D8700037820 /* PickUpViewController.m */,
				D5526B1F18CA5122001AF659 /* CreateEventViewController.h */,
				D5526B2018CA5122001AF659 /* CreateEventViewController.m */,
				D512D65918C91B9300E788E1 /* Main_iPad.storyboard */,
				D59AE13318C938AA00037820 /* sports.png */,
				2EEC290618CAAD7000706067 /* gray_metal.jpg */,
				2EC47C4F18CBCB96001F23F6 /* unchecked.png */,
				2EC47C5118CBCBCD001F23F6 /* checkedbox.png */,
				2EEC290A18CAB18000706067 /* gray_flat.jpg */,
				2ED715EF18CAD59C00452AB5 /* words.png */,
				2ED715F118CAD5E300452AB5 /* words_cirlce.png */,
				2EEC290218CAA98500706067 /* mybutton.png */,
				2ED715ED18CAD3E100452AB5 /* honeycomb.jpg */,
				2EEC290018CAA2B300706067 /* soccer.jpg */,
				2EEC290418CAA9C800706067 /* mybutton@2x.png */,
				D59AE13518C9398B00037820 /* sports1.png */,
				2EC47C4518CBBD24001F23F6 /* Football.jpg */,
				2EC47C4618CBBD24001F23F6 /* baseball.png */,
				2EC47C4718CBBD24001F23F6 /* basketball.png */,
				2EC47C4818CBBD24001F23F6 /* soccerball.png */,
				2EC47C4918CBBD24001F23F6 /* tennis.png */,
				2EEC290E18CAB41300706067 /* futbol-obekty-yumor-21142.jpg */,
				2EEC28FE18CA961300706067 /* simple_green.png */,
				D59AE13918C93A9C00037820 /* sports4.png */,
				D54D21C318CBE77D00B2C4D0 /* mlb.plist */,
				D54D21C518CBE78400B2C4D0 /* mls.plist */,
				D54D21C718CBE78A00B2C4D0 /* nba.plist */,
				D54D21C918CBE78F00B2C4D0 /* nfl.plist */,
				D512D65C18C91B9300E788E1 /* PickUpFirstViewController.h */,
				D512D65D18C91B9300E788E1 /* PickUpFirstViewController.m */,
				D512D65F18C91B9300E788E1 /* PickUpSecondViewController.h */,
				D512D66018C91B9300E788E1 /* PickUpSecondViewController.m */,
				D512D66218C91B9300E788E1 /* Images.xcassets */,
				D512D64B18C91B9300E788E1 /* Supporting Files */,
				D54D21BB18CBCEB300B2C4D0 /* EventInfoViewController.h */,
				D54D21BC18CBCEB300B2C4D0 /* EventInfoViewController.m */,
				D54D21BD18CBCEB300B2C4D0 /* EventInfoViewController.xib */,
			);
			path = PickUp;
			sourceTree = "<group>";
		};
		D512D64B18C91B9300E788E1 /* Supporting Files */ = {
			isa = PBXGroup;
			children = (
				D512D64C18C91B9300E788E1 /* PickUp-Info.plist */,
				D512D64D18C91B9300E788E1 /* InfoPlist.strings */,
				D512D65018C91B9300E788E1 /* main.m */,
				D512D65218C91B9300E788E1 /* PickUp-Prefix.pch */,
			);
			name = "Supporting Files";
			sourceTree = "<group>";
		};
		D512D66F18C91B9300E788E1 /* PickUpTests */ = {
			isa = PBXGroup;
			children = (
				D512D67518C91B9300E788E1 /* PickUpTests.m */,
				D512D67018C91B9300E788E1 /* Supporting Files */,
			);
			path = PickUpTests;
			sourceTree = "<group>";
		};
		D512D67018C91B9300E788E1 /* Supporting Files */ = {
			isa = PBXGroup;
			children = (
				D512D67118C91B9300E788E1 /* PickUpTests-Info.plist */,
				D512D67218C91B9300E788E1 /* InfoPlist.strings */,
			);
			name = "Supporting Files";
			sourceTree = "<group>";
		};
/* End PBXGroup section */

/* Begin PBXNativeTarget section */
		D512D64018C91B9300E788E1 /* PickUp */ = {
			isa = PBXNativeTarget;
			buildConfigurationList = D512D67918C91B9300E788E1 /* Build configuration list for PBXNativeTarget "PickUp" */;
			buildPhases = (
				D512D63D18C91B9300E788E1 /* Sources */,
				D512D63E18C91B9300E788E1 /* Frameworks */,
				D512D63F18C91B9300E788E1 /* Resources */,
			);
			buildRules = (
			);
			dependencies = (
			);
			name = PickUp;
			productName = PickUp;
			productReference = D512D64118C91B9300E788E1 /* PickUp.app */;
			productType = "com.apple.product-type.application";
		};
		D512D66718C91B9300E788E1 /* PickUpTests */ = {
			isa = PBXNativeTarget;
			buildConfigurationList = D512D67C18C91B9300E788E1 /* Build configuration list for PBXNativeTarget "PickUpTests" */;
			buildPhases = (
				D512D66418C91B9300E788E1 /* Sources */,
				D512D66518C91B9300E788E1 /* Frameworks */,
				D512D66618C91B9300E788E1 /* Resources */,
			);
			buildRules = (
			);
			dependencies = (
				D512D66E18C91B9300E788E1 /* PBXTargetDependency */,
			);
			name = PickUpTests;
			productName = PickUpTests;
			productReference = D512D66818C91B9300E788E1 /* PickUpTests.xctest */;
			productType = "com.apple.product-type.bundle.unit-test";
		};
/* End PBXNativeTarget section */

/* Begin PBXProject section */
		D512D63918C91B9300E788E1 /* Project object */ = {
			isa = PBXProject;
			attributes = {
				CLASSPREFIX = PickUp;
				LastUpgradeCheck = 0500;
				ORGANIZATIONNAME = Amnesiacs;
				TargetAttributes = {
					D512D66718C91B9300E788E1 = {
						TestTargetID = D512D64018C91B9300E788E1;
					};
				};
			};
			buildConfigurationList = D512D63C18C91B9300E788E1 /* Build configuration list for PBXProject "PickUp" */;
			compatibilityVersion = "Xcode 3.2";
			developmentRegion = English;
			hasScannedForEncodings = 0;
			knownRegions = (
				en,
				Base,
			);
			mainGroup = D512D63818C91B9300E788E1;
			productRefGroup = D512D64218C91B9300E788E1 /* Products */;
			projectDirPath = "";
			projectRoot = "";
			targets = (
				D512D64018C91B9300E788E1 /* PickUp */,
				D512D66718C91B9300E788E1 /* PickUpTests */,
			);
		};
/* End PBXProject section */

/* Begin PBXResourcesBuildPhase section */
		D512D63F18C91B9300E788E1 /* Resources */ = {
			isa = PBXResourcesBuildPhase;
			buildActionMask = 2147483647;
			files = (
				D59AE13418C938AA00037820 /* sports.png in Resources */,
				2EEC290F18CAB41300706067 /* futbol-obekty-yumor-21142.jpg in Resources */,
				D54D21C618CBE78400B2C4D0 /* mls.plist in Resources */,
				2ED715EE18CAD3E100452AB5 /* honeycomb.jpg in Resources */,
				D59AE13A18C93A9C00037820 /* sports4.png in Resources */,
				D512D65B18C91B9300E788E1 /* Main_iPad.storyboard in Resources */,
				2EC47C4D18CBBD24001F23F6 /* soccerball.png in Resources */,
				2ED715F218CAD5E300452AB5 /* words_cirlce.png in Resources */,
				D54D21CA18CBE78F00B2C4D0 /* nfl.plist in Resources */,
				D54D21C818CBE78A00B2C4D0 /* nba.plist in Resources */,
				D512D66318C91B9300E788E1 /* Images.xcassets in Resources */,
				2EEC290118CAA2B300706067 /* soccer.jpg in Resources */,
				D512D65818C91B9300E788E1 /* Main_iPhone.storyboard in Resources */,
				D59AE13618C9398B00037820 /* sports1.png in Resources */,
				2EEC290518CAA9C800706067 /* mybutton@2x.png in Resources */,
				D54D21C418CBE77D00B2C4D0 /* mlb.plist in Resources */,
				2EC47C4B18CBBD24001F23F6 /* baseball.png in Resources */,
				D54D21BF18CBCEB300B2C4D0 /* EventInfoViewController.xib in Resources */,
				2EEC290318CAA98500706067 /* mybutton.png in Resources */,
				2ED715F018CAD59C00452AB5 /* words.png in Resources */,
				2EC47C4C18CBBD24001F23F6 /* basketball.png in Resources */,
				2EEC28FF18CA961300706067 /* simple_green.png in Resources */,
				2EC47C5218CBCBCD001F23F6 /* checkedbox.png in Resources */,
				2EC47C5018CBCB96001F23F6 /* unchecked.png in Resources */,
				D512D64F18C91B9300E788E1 /* InfoPlist.strings in Resources */,
				2EC47C4E18CBBD24001F23F6 /* tennis.png in Resources */,
				2EEC290718CAAD7000706067 /* gray_metal.jpg in Resources */,
				2EC47C4A18CBBD24001F23F6 /* Football.jpg in Resources */,
				2EEC290B18CAB18000706067 /* gray_flat.jpg in Resources */,
			);
			runOnlyForDeploymentPostprocessing = 0;
		};
		D512D66618C91B9300E788E1 /* Resources */ = {
			isa = PBXResourcesBuildPhase;
			buildActionMask = 2147483647;
			files = (
				D512D67418C91B9300E788E1 /* InfoPlist.strings in Resources */,
			);
			runOnlyForDeploymentPostprocessing = 0;
		};
/* End PBXResourcesBuildPhase section */

/* Begin PBXSourcesBuildPhase section */
		D512D63D18C91B9300E788E1 /* Sources */ = {
			isa = PBXSourcesBuildPhase;
			buildActionMask = 2147483647;
			files = (
				D5526B2118CA5122001AF659 /* CreateEventViewController.m in Sources */,
				D54D21CD18CBEB1900B2C4D0 /* WebViewController.m in Sources */,
				D512D65E18C91B9300E788E1 /* PickUpFirstViewController.m in Sources */,
				D512D65518C91B9300E788E1 /* PickUpAppDelegate.m in Sources */,
				D59AE14018C9438E00037820 /* LoginViewController.m in Sources */,
				D54D21C218CBD8F000B2C4D0 /* ProfessionalViewController.m in Sources */,
				D54D21BA18CBC42000B2C4D0 /* SearchResultsViewController.m in Sources */,
				D546388118CA78C70028D662 /* RegisterViewController.m in Sources */,
				D546388418CA78E70028D662 /* InitialViewController.m in Sources */,
				D59AE13D18C93D8700037820 /* PickUpViewController.m in Sources */,
				D546388718CA794A0028D662 /* MyEventsViewController.m in Sources */,
				D54D21BE18CBCEB300B2C4D0 /* EventInfoViewController.m in Sources */,
				D512D66118C91B9300E788E1 /* PickUpSecondViewController.m in Sources */,
				D512D65118C91B9300E788E1 /* main.m in Sources */,
			);
			runOnlyForDeploymentPostprocessing = 0;
		};
		D512D66418C91B9300E788E1 /* Sources */ = {
			isa = PBXSourcesBuildPhase;
			buildActionMask = 2147483647;
			files = (
				D512D67618C91B9300E788E1 /* PickUpTests.m in Sources */,
			);
			runOnlyForDeploymentPostprocessing = 0;
		};
/* End PBXSourcesBuildPhase section */

/* Begin PBXTargetDependency section */
		D512D66E18C91B9300E788E1 /* PBXTargetDependency */ = {
			isa = PBXTargetDependency;
			target = D512D64018C91B9300E788E1 /* PickUp */;
			targetProxy = D512D66D18C91B9300E788E1 /* PBXContainerItemProxy */;
		};
/* End PBXTargetDependency section */

/* Begin PBXVariantGroup section */
		D512D64D18C91B9300E788E1 /* InfoPlist.strings */ = {
			isa = PBXVariantGroup;
			children = (
				D512D64E18C91B9300E788E1 /* en */,
			);
			name = InfoPlist.strings;
			sourceTree = "<group>";
		};
		D512D65618C91B9300E788E1 /* Main_iPhone.storyboard */ = {
			isa = PBXVariantGroup;
			children = (
				D512D65718C91B9300E788E1 /* Base */,
			);
			name = Main_iPhone.storyboard;
			sourceTree = "<group>";
		};
		D512D65918C91B9300E788E1 /* Main_iPad.storyboard */ = {
			isa = PBXVariantGroup;
			children = (
				D512D65A18C91B9300E788E1 /* Base */,
			);
			name = Main_iPad.storyboard;
			sourceTree = "<group>";
		};
		D512D67218C91B9300E788E1 /* InfoPlist.strings */ = {
			isa = PBXVariantGroup;
			children = (
				D512D67318C91B9300E788E1 /* en */,
			);
			name = InfoPlist.strings;
			sourceTree = "<group>";
		};
/* End PBXVariantGroup section */

/* Begin XCBuildConfiguration section */
		D512D67718C91B9300E788E1 /* Debug */ = {
			isa = XCBuildConfiguration;
			buildSettings = {
				ALWAYS_SEARCH_USER_PATHS = NO;
				ARCHS = "$(ARCHS_STANDARD_INCLUDING_64_BIT)";
				CLANG_CXX_LANGUAGE_STANDARD = "gnu++0x";
				CLANG_CXX_LIBRARY = "libc++";
				CLANG_ENABLE_MODULES = YES;
				CLANG_ENABLE_OBJC_ARC = YES;
				CLANG_WARN_BOOL_CONVERSION = YES;
				CLANG_WARN_CONSTANT_CONVERSION = YES;
				CLANG_WARN_DIRECT_OBJC_ISA_USAGE = YES_ERROR;
				CLANG_WARN_EMPTY_BODY = YES;
				CLANG_WARN_ENUM_CONVERSION = YES;
				CLANG_WARN_INT_CONVERSION = YES;
				CLANG_WARN_OBJC_ROOT_CLASS = YES_ERROR;
				CLANG_WARN__DUPLICATE_METHOD_MATCH = YES;
				"CODE_SIGN_IDENTITY[sdk=iphoneos*]" = "iPhone Developer";
				COPY_PHASE_STRIP = NO;
				GCC_C_LANGUAGE_STANDARD = gnu99;
				GCC_DYNAMIC_NO_PIC = NO;
				GCC_OPTIMIZATION_LEVEL = 0;
				GCC_PREPROCESSOR_DEFINITIONS = (
					"DEBUG=1",
					"$(inherited)",
				);
				GCC_SYMBOLS_PRIVATE_EXTERN = NO;
				GCC_WARN_64_TO_32_BIT_CONVERSION = YES;
				GCC_WARN_ABOUT_RETURN_TYPE = YES_ERROR;
				GCC_WARN_UNDECLARED_SELECTOR = YES;
				GCC_WARN_UNINITIALIZED_AUTOS = YES;
				GCC_WARN_UNUSED_FUNCTION = YES;
				GCC_WARN_UNUSED_VARIABLE = YES;
				IPHONEOS_DEPLOYMENT_TARGET = 7.0;
				ONLY_ACTIVE_ARCH = YES;
				SDKROOT = iphoneos;
				TARGETED_DEVICE_FAMILY = "1,2";
			};
			name = Debug;
		};
		D512D67818C91B9300E788E1 /* Release */ = {
			isa = XCBuildConfiguration;
			buildSettings = {
				ALWAYS_SEARCH_USER_PATHS = NO;
				ARCHS = "$(ARCHS_STANDARD_INCLUDING_64_BIT)";
				CLANG_CXX_LANGUAGE_STANDARD = "gnu++0x";
				CLANG_CXX_LIBRARY = "libc++";
				CLANG_ENABLE_MODULES = YES;
				CLANG_ENABLE_OBJC_ARC = YES;
				CLANG_WARN_BOOL_CONVERSION = YES;
				CLANG_WARN_CONSTANT_CONVERSION = YES;
				CLANG_WARN_DIRECT_OBJC_ISA_USAGE = YES_ERROR;
				CLANG_WARN_EMPTY_BODY = YES;
				CLANG_WARN_ENUM_CONVERSION = YES;
				CLANG_WARN_INT_CONVERSION = YES;
				CLANG_WARN_OBJC_ROOT_CLASS = YES_ERROR;
				CLANG_WARN__DUPLICATE_METHOD_MATCH = YES;
				"CODE_SIGN_IDENTITY[sdk=iphoneos*]" = "iPhone Developer";
				COPY_PHASE_STRIP = YES;
				ENABLE_NS_ASSERTIONS = NO;
				GCC_C_LANGUAGE_STANDARD = gnu99;
				GCC_WARN_64_TO_32_BIT_CONVERSION = YES;
				GCC_WARN_ABOUT_RETURN_TYPE = YES_ERROR;
				GCC_WARN_UNDECLARED_SELECTOR = YES;
				GCC_WARN_UNINITIALIZED_AUTOS = YES;
				GCC_WARN_UNUSED_FUNCTION = YES;
				GCC_WARN_UNUSED_VARIABLE = YES;
				IPHONEOS_DEPLOYMENT_TARGET = 7.0;
				SDKROOT = iphoneos;
				TARGETED_DEVICE_FAMILY = "1,2";
				VALIDATE_PRODUCT = YES;
			};
			name = Release;
		};
		D512D67A18C91B9300E788E1 /* Debug */ = {
			isa = XCBuildConfiguration;
			buildSettings = {
				ASSETCATALOG_COMPILER_APPICON_NAME = AppIcon;
				ASSETCATALOG_COMPILER_LAUNCHIMAGE_NAME = LaunchImage;
				GCC_PRECOMPILE_PREFIX_HEADER = YES;
				GCC_PREFIX_HEADER = "PickUp/PickUp-Prefix.pch";
				INFOPLIST_FILE = "PickUp/PickUp-Info.plist";
				PRODUCT_NAME = "$(TARGET_NAME)";
				WRAPPER_EXTENSION = app;
			};
			name = Debug;
		};
		D512D67B18C91B9300E788E1 /* Release */ = {
			isa = XCBuildConfiguration;
			buildSettings = {
				ASSETCATALOG_COMPILER_APPICON_NAME = AppIcon;
				ASSETCATALOG_COMPILER_LAUNCHIMAGE_NAME = LaunchImage;
				GCC_PRECOMPILE_PREFIX_HEADER = YES;
				GCC_PREFIX_HEADER = "PickUp/PickUp-Prefix.pch";
				INFOPLIST_FILE = "PickUp/PickUp-Info.plist";
				PRODUCT_NAME = "$(TARGET_NAME)";
				WRAPPER_EXTENSION = app;
			};
			name = Release;
		};
		D512D67D18C91B9300E788E1 /* Debug */ = {
			isa = XCBuildConfiguration;
			buildSettings = {
				ARCHS = "$(ARCHS_STANDARD_INCLUDING_64_BIT)";
				BUNDLE_LOADER = "$(BUILT_PRODUCTS_DIR)/PickUp.app/PickUp";
				FRAMEWORK_SEARCH_PATHS = (
					"$(SDKROOT)/Developer/Library/Frameworks",
					"$(inherited)",
					"$(DEVELOPER_FRAMEWORKS_DIR)",
				);
				GCC_PRECOMPILE_PREFIX_HEADER = YES;
				GCC_PREFIX_HEADER = "PickUp/PickUp-Prefix.pch";
				GCC_PREPROCESSOR_DEFINITIONS = (
					"DEBUG=1",
					"$(inherited)",
				);
				INFOPLIST_FILE = "PickUpTests/PickUpTests-Info.plist";
				PRODUCT_NAME = "$(TARGET_NAME)";
				TEST_HOST = "$(BUNDLE_LOADER)";
				WRAPPER_EXTENSION = xctest;
			};
			name = Debug;
		};
		D512D67E18C91B9300E788E1 /* Release */ = {
			isa = XCBuildConfiguration;
			buildSettings = {
				ARCHS = "$(ARCHS_STANDARD_INCLUDING_64_BIT)";
				BUNDLE_LOADER = "$(BUILT_PRODUCTS_DIR)/PickUp.app/PickUp";
				FRAMEWORK_SEARCH_PATHS = (
					"$(SDKROOT)/Developer/Library/Frameworks",
					"$(inherited)",
					"$(DEVELOPER_FRAMEWORKS_DIR)",
				);
				GCC_PRECOMPILE_PREFIX_HEADER = YES;
				GCC_PREFIX_HEADER = "PickUp/PickUp-Prefix.pch";
				INFOPLIST_FILE = "PickUpTests/PickUpTests-Info.plist";
				PRODUCT_NAME = "$(TARGET_NAME)";
				TEST_HOST = "$(BUNDLE_LOADER)";
				WRAPPER_EXTENSION = xctest;
			};
			name = Release;
		};
/* End XCBuildConfiguration section */

/* Begin XCConfigurationList section */
		D512D63C18C91B9300E788E1 /* Build configuration list for PBXProject "PickUp" */ = {
			isa = XCConfigurationList;
			buildConfigurations = (
				D512D67718C91B9300E788E1 /* Debug */,
				D512D67818C91B9300E788E1 /* Release */,
			);
			defaultConfigurationIsVisible = 0;
			defaultConfigurationName = Release;
		};
		D512D67918C91B9300E788E1 /* Build configuration list for PBXNativeTarget "PickUp" */ = {
			isa = XCConfigurationList;
			buildConfigurations = (
				D512D67A18C91B9300E788E1 /* Debug */,
				D512D67B18C91B9300E788E1 /* Release */,
			);
			defaultConfigurationIsVisible = 0;
			defaultConfigurationName = Release;
		};
		D512D67C18C91B9300E788E1 /* Build configuration list for PBXNativeTarget "PickUpTests" */ = {
			isa = XCConfigurationList;
			buildConfigurations = (
				D512D67D18C91B9300E788E1 /* Debug */,
				D512D67E18C91B9300E788E1 /* Release */,
			);
			defaultConfigurationIsVisible = 0;
			defaultConfigurationName = Release;
		};
/* End XCConfigurationList section */
	};
	rootObject = D512D63918C91B9300E788E1 /* Project object */;
}
