// !$*UTF8*$!
{
	archiveVersion = 1;
	classes = {
	};
	objectVersion = 46;
	objects = {

/* Begin PBXBuildFile section */
		2E3CC38418CE4D5300CC2133 /* clipboard.png in Resources */ = {isa = PBXBuildFile; fileRef = 2E3CC38318CE4D5300CC2133 /* clipboard.png */; };
		2E3FC47A18DDF1A3006D0FE5 /* PickUp.m in Sources */ = {isa = PBXBuildFile; fileRef = 2E3FC47918DDF1A3006D0FE5 /* PickUp.m */; };
		2E3FC47C18DFA04A006D0FE5 /* sport-shoes.png in Resources */ = {isa = PBXBuildFile; fileRef = 2E3FC47B18DFA04A006D0FE5 /* sport-shoes.png */; };
		2E3FC48018DFA0DF006D0FE5 /* soccertab.png in Resources */ = {isa = PBXBuildFile; fileRef = 2E3FC47F18DFA0DF006D0FE5 /* soccertab.png */; };
		2E3FC48218DFA128006D0FE5 /* sportshoesTab.png in Resources */ = {isa = PBXBuildFile; fileRef = 2E3FC48118DFA128006D0FE5 /* sportshoesTab.png */; };
		2E3FC48418DFA1C7006D0FE5 /* stopwatch.png in Resources */ = {isa = PBXBuildFile; fileRef = 2E3FC48318DFA1C7006D0FE5 /* stopwatch.png */; };
		2EC47C4D18CBBD24001F23F6 /* soccerball.png in Resources */ = {isa = PBXBuildFile; fileRef = 2EC47C4818CBBD24001F23F6 /* soccerball.png */; };
		2EC47C5018CBCB96001F23F6 /* unchecked.png in Resources */ = {isa = PBXBuildFile; fileRef = 2EC47C4F18CBCB96001F23F6 /* unchecked.png */; };
		2EC47C5218CBCBCD001F23F6 /* checkedbox.png in Resources */ = {isa = PBXBuildFile; fileRef = 2EC47C5118CBCBCD001F23F6 /* checkedbox.png */; };
		2EC47C5418CBCFB7001F23F6 /* greenSoccer.png in Resources */ = {isa = PBXBuildFile; fileRef = 2EC47C5318CBCFB7001F23F6 /* greenSoccer.png */; };
		2EC47C6218CBDB45001F23F6 /* army.png in Resources */ = {isa = PBXBuildFile; fileRef = 2EC47C6118CBDB45001F23F6 /* army.png */; };
		2EC47C6A18CBE795001F23F6 /* PickUpGames.plist in Resources */ = {isa = PBXBuildFile; fileRef = 2EC47C6918CBE795001F23F6 /* PickUpGames.plist */; };
		2EC47C6C18CBEC69001F23F6 /* scheduling.png in Resources */ = {isa = PBXBuildFile; fileRef = 2EC47C6B18CBEC69001F23F6 /* scheduling.png */; };
		2EC47C7318CD733F001F23F6 /* gray2.png in Resources */ = {isa = PBXBuildFile; fileRef = 2EC47C7118CD733F001F23F6 /* gray2.png */; };
		2EC47C7418CD733F001F23F6 /* gray.png in Resources */ = {isa = PBXBuildFile; fileRef = 2EC47C7218CD733F001F23F6 /* gray.png */; };
		2EC47C7A18CD7D3A001F23F6 /* multiple.png in Resources */ = {isa = PBXBuildFile; fileRef = 2EC47C7918CD7D39001F23F6 /* multiple.png */; };
		2EC47C7C18CD83BF001F23F6 /* groupbasketball.png in Resources */ = {isa = PBXBuildFile; fileRef = 2EC47C7B18CD83BF001F23F6 /* groupbasketball.png */; };
		2EEC290118CAA2B300706067 /* soccerwall.jpg in Resources */ = {isa = PBXBuildFile; fileRef = 2EEC290018CAA2B300706067 /* soccerwall.jpg */; };
		2EEC290318CAA98500706067 /* mybutton.png in Resources */ = {isa = PBXBuildFile; fileRef = 2EEC290218CAA98500706067 /* mybutton.png */; };
		2EEC290518CAA9C800706067 /* mybutton@2x.png in Resources */ = {isa = PBXBuildFile; fileRef = 2EEC290418CAA9C800706067 /* mybutton@2x.png */; };
		D512D64518C91B9300E788E1 /* Foundation.framework in Frameworks */ = {isa = PBXBuildFile; fileRef = D512D64418C91B9300E788E1 /* Foundation.framework */; };
		D512D64718C91B9300E788E1 /* CoreGraphics.framework in Frameworks */ = {isa = PBXBuildFile; fileRef = D512D64618C91B9300E788E1 /* CoreGraphics.framework */; };
		D512D64918C91B9300E788E1 /* UIKit.framework in Frameworks */ = {isa = PBXBuildFile; fileRef = D512D64818C91B9300E788E1 /* UIKit.framework */; };
		D512D64F18C91B9300E788E1 /* InfoPlist.strings in Resources */ = {isa = PBXBuildFile; fileRef = D512D64D18C91B9300E788E1 /* InfoPlist.strings */; };
		D512D65118C91B9300E788E1 /* main.m in Sources */ = {isa = PBXBuildFile; fileRef = D512D65018C91B9300E788E1 /* main.m */; };
		D512D65518C91B9300E788E1 /* PickUpAppDelegate.m in Sources */ = {isa = PBXBuildFile; fileRef = D512D65418C91B9300E788E1 /* PickUpAppDelegate.m */; };
		D512D65818C91B9300E788E1 /* Main_iPhone.storyboard in Resources */ = {isa = PBXBuildFile; fileRef = D512D65618C91B9300E788E1 /* Main_iPhone.storyboard */; };
		D512D65B18C91B9300E788E1 /* Main_iPad.storyboard in Resources */ = {isa = PBXBuildFile; fileRef = D512D65918C91B9300E788E1 /* Main_iPad.storyboard */; };
		D512D65E18C91B9300E788E1 /* PickUpFirstViewController.m in Sources */ = {isa = PBXBuildFile; fileRef = D512D65D18C91B9300E788E1 /* PickUpFirstViewController.m */; };
		D512D66118C91B9300E788E1 /* PickUpSecondViewController.m in Sources */ = {isa = PBXBuildFile; fileRef = D512D66018C91B9300E788E1 /* PickUpSecondViewController.m */; };
		D512D66318C91B9300E788E1 /* Images.xcassets in Resources */ = {isa = PBXBuildFile; fileRef = D512D66218C91B9300E788E1 /* Images.xcassets */; };
		D512D66A18C91B9300E788E1 /* XCTest.framework in Frameworks */ = {isa = PBXBuildFile; fileRef = D512D66918C91B9300E788E1 /* XCTest.framework */; };
		D512D66B18C91B9300E788E1 /* Foundation.framework in Frameworks */ = {isa = PBXBuildFile; fileRef = D512D64418C91B9300E788E1 /* Foundation.framework */; };
		D512D66C18C91B9300E788E1 /* UIKit.framework in Frameworks */ = {isa = PBXBuildFile; fileRef = D512D64818C91B9300E788E1 /* UIKit.framework */; };
		D512D67418C91B9300E788E1 /* InfoPlist.strings in Resources */ = {isa = PBXBuildFile; fileRef = D512D67218C91B9300E788E1 /* InfoPlist.strings */; };
		D512D67618C91B9300E788E1 /* PickUpTests.m in Sources */ = {isa = PBXBuildFile; fileRef = D512D67518C91B9300E788E1 /* PickUpTests.m */; };
		D546388118CA78C70028D662 /* RegisterViewController.m in Sources */ = {isa = PBXBuildFile; fileRef = D546388018CA78C70028D662 /* RegisterViewController.m */; };
		D546388418CA78E70028D662 /* InitialViewController.m in Sources */ = {isa = PBXBuildFile; fileRef = D546388318CA78E70028D662 /* InitialViewController.m */; };
		D546388718CA794A0028D662 /* MyEventsViewController.m in Sources */ = {isa = PBXBuildFile; fileRef = D546388618CA794A0028D662 /* MyEventsViewController.m */; };
		D54D21BA18CBC42000B2C4D0 /* SearchResultsViewController.m in Sources */ = {isa = PBXBuildFile; fileRef = D54D21B918CBC42000B2C4D0 /* SearchResultsViewController.m */; };
		D54D21BE18CBCEB300B2C4D0 /* EventInfoViewController.m in Sources */ = {isa = PBXBuildFile; fileRef = D54D21BC18CBCEB300B2C4D0 /* EventInfoViewController.m */; };
		D54D21C218CBD8F000B2C4D0 /* ProfessionalViewController.m in Sources */ = {isa = PBXBuildFile; fileRef = D54D21C118CBD8F000B2C4D0 /* ProfessionalViewController.m */; };
		D54D21C418CBE77D00B2C4D0 /* mlb.plist in Resources */ = {isa = PBXBuildFile; fileRef = D54D21C318CBE77D00B2C4D0 /* mlb.plist */; };
		D54D21C618CBE78400B2C4D0 /* mls.plist in Resources */ = {isa = PBXBuildFile; fileRef = D54D21C518CBE78400B2C4D0 /* mls.plist */; };
		D54D21CD18CBEB1900B2C4D0 /* WebViewController.m in Sources */ = {isa = PBXBuildFile; fileRef = D54D21CC18CBEB1900B2C4D0 /* WebViewController.m */; };
		D5526B2118CA5122001AF659 /* CreateEventViewController.m in Sources */ = {isa = PBXBuildFile; fileRef = D5526B2018CA5122001AF659 /* CreateEventViewController.m */; };
		D56B679518CE3E4A00B15EB1 /* MapKit.framework in Frameworks */ = {isa = PBXBuildFile; fileRef = D56B679418CE3E4A00B15EB1 /* MapKit.framework */; };
		D59AE13D18C93D8700037820 /* PickUpViewController.m in Sources */ = {isa = PBXBuildFile; fileRef = D59AE13C18C93D8700037820 /* PickUpViewController.m */; };
		D59AE14018C9438E00037820 /* LoginViewController.m in Sources */ = {isa = PBXBuildFile; fileRef = D59AE13F18C9438E00037820 /* LoginViewController.m */; };
		D59DA85218E5ED1900F427B3 /* bcon.c in Sources */ = {isa = PBXBuildFile; fileRef = D59DA84318E5ED1900F427B3 /* bcon.c */; };
		D59DA85318E5ED1900F427B3 /* bson.c in Sources */ = {isa = PBXBuildFile; fileRef = D59DA84518E5ED1900F427B3 /* bson.c */; };
		D59DA85418E5ED1900F427B3 /* encoding.c in Sources */ = {isa = PBXBuildFile; fileRef = D59DA84718E5ED1900F427B3 /* encoding.c */; };
		D59DA85518E5ED1900F427B3 /* env.c in Sources */ = {isa = PBXBuildFile; fileRef = D59DA84918E5ED1900F427B3 /* env.c */; };
		D59DA85618E5ED1900F427B3 /* gridfs.c in Sources */ = {isa = PBXBuildFile; fileRef = D59DA84B18E5ED1900F427B3 /* gridfs.c */; };
		D59DA85718E5ED1900F427B3 /* md5.c in Sources */ = {isa = PBXBuildFile; fileRef = D59DA84D18E5ED1900F427B3 /* md5.c */; };
		D59DA85818E5ED1900F427B3 /* mongo.c in Sources */ = {isa = PBXBuildFile; fileRef = D59DA84F18E5ED1900F427B3 /* mongo.c */; };
		D59DA85918E5ED1900F427B3 /* numbers.c in Sources */ = {isa = PBXBuildFile; fileRef = D59DA85118E5ED1900F427B3 /* numbers.c */; };
		D59DA85D18E5EDAD00F427B3 /* OrderedDictionary.m in Sources */ = {isa = PBXBuildFile; fileRef = D59DA85C18E5EDAD00F427B3 /* OrderedDictionary.m */; };
		D59DA87918E5EDB800F427B3 /* Mongo_Helper.m in Sources */ = {isa = PBXBuildFile; fileRef = D59DA86018E5EDB800F427B3 /* Mongo_Helper.m */; };
		D59DA87A18E5EDB800F427B3 /* MongoConnection+Diagnostics.m in Sources */ = {isa = PBXBuildFile; fileRef = D59DA86318E5EDB800F427B3 /* MongoConnection+Diagnostics.m */; };
		D59DA87B18E5EDB800F427B3 /* MongoConnection.m in Sources */ = {isa = PBXBuildFile; fileRef = D59DA86518E5EDB800F427B3 /* MongoConnection.m */; };
		D59DA87C18E5EDB800F427B3 /* MongoCursor.m in Sources */ = {isa = PBXBuildFile; fileRef = D59DA86718E5EDB800F427B3 /* MongoCursor.m */; };
		D59DA87D18E5EDB800F427B3 /* MongoDBCollection.m in Sources */ = {isa = PBXBuildFile; fileRef = D59DA86918E5EDB800F427B3 /* MongoDBCollection.m */; };
		D59DA87E18E5EDB800F427B3 /* MongoFindRequest.m in Sources */ = {isa = PBXBuildFile; fileRef = D59DA86B18E5EDB800F427B3 /* MongoFindRequest.m */; };
		D59DA87F18E5EDB800F427B3 /* MongoKeyedPredicate.m in Sources */ = {isa = PBXBuildFile; fileRef = D59DA86D18E5EDB800F427B3 /* MongoKeyedPredicate.m */; };
		D59DA88018E5EDB800F427B3 /* MongoPredicate.m in Sources */ = {isa = PBXBuildFile; fileRef = D59DA86F18E5EDB800F427B3 /* MongoPredicate.m */; };
		D59DA88118E5EDB800F427B3 /* MongoTypes.m in Sources */ = {isa = PBXBuildFile; fileRef = D59DA87118E5EDB800F427B3 /* MongoTypes.m */; };
		D59DA88218E5EDB800F427B3 /* MongoUpdateRequest.m in Sources */ = {isa = PBXBuildFile; fileRef = D59DA87318E5EDB800F427B3 /* MongoUpdateRequest.m */; };
		D59DA88318E5EDB800F427B3 /* MongoWriteConcern.m in Sources */ = {isa = PBXBuildFile; fileRef = D59DA87518E5EDB800F427B3 /* MongoWriteConcern.m */; };
		D59DA88418E5EDB800F427B3 /* NSArray+MongoAdditions.m in Sources */ = {isa = PBXBuildFile; fileRef = D59DA87718E5EDB800F427B3 /* NSArray+MongoAdditions.m */; };
		D59DA89E18E5EDC000F427B3 /* BSON_Helper.m in Sources */ = {isa = PBXBuildFile; fileRef = D59DA88718E5EDC000F427B3 /* BSON_Helper.m */; };
		D59DA89F18E5EDC000F427B3 /* BSONDecoder.m in Sources */ = {isa = PBXBuildFile; fileRef = D59DA88B18E5EDC000F427B3 /* BSONDecoder.m */; };
		D59DA8A018E5EDC000F427B3 /* BSONDocument.m in Sources */ = {isa = PBXBuildFile; fileRef = D59DA88D18E5EDC000F427B3 /* BSONDocument.m */; };
		D59DA8A118E5EDC000F427B3 /* BSONEncoder.m in Sources */ = {isa = PBXBuildFile; fileRef = D59DA88F18E5EDC000F427B3 /* BSONEncoder.m */; };
		D59DA8A218E5EDC000F427B3 /* BSONIterator.m in Sources */ = {isa = PBXBuildFile; fileRef = D59DA89118E5EDC000F427B3 /* BSONIterator.m */; };
		D59DA8A318E5EDC000F427B3 /* BSONTypes.m in Sources */ = {isa = PBXBuildFile; fileRef = D59DA89318E5EDC000F427B3 /* BSONTypes.m */; };
		D59DA8A418E5EDC000F427B3 /* NSData+BSONAdditions.m in Sources */ = {isa = PBXBuildFile; fileRef = D59DA89518E5EDC000F427B3 /* NSData+BSONAdditions.m */; };
		D59DA8A518E5EDC000F427B3 /* NSDictionary+BSONAdditions.m in Sources */ = {isa = PBXBuildFile; fileRef = D59DA89718E5EDC000F427B3 /* NSDictionary+BSONAdditions.m */; };
		D59DA8A618E5EDC000F427B3 /* NSManagedObject+BSONCoding.m in Sources */ = {isa = PBXBuildFile; fileRef = D59DA89918E5EDC000F427B3 /* NSManagedObject+BSONCoding.m */; };
		D59DA8A718E5EDC000F427B3 /* NSString+BSONAdditions.m in Sources */ = {isa = PBXBuildFile; fileRef = D59DA89B18E5EDC000F427B3 /* NSString+BSONAdditions.m */; };
		D59DA8A818E5EDC000F427B3 /* ObjCBSON.m in Sources */ = {isa = PBXBuildFile; fileRef = D59DA89D18E5EDC000F427B3 /* ObjCBSON.m */; };
		D59DA8AA18E5EDD400F427B3 /* CoreData.framework in Frameworks */ = {isa = PBXBuildFile; fileRef = D59DA8A918E5EDD400F427B3 /* CoreData.framework */; };
		F7BB96E518CD202F000D4746 /* nfl.plist in Resources */ = {isa = PBXBuildFile; fileRef = F7BB96E418CD202F000D4746 /* nfl.plist */; };
		F7BB96E718CD2035000D4746 /* nba.plist in Resources */ = {isa = PBXBuildFile; fileRef = F7BB96E618CD2035000D4746 /* nba.plist */; };
/* End PBXBuildFile section */

/* Begin PBXContainerItemProxy section */
		D512D66D18C91B9300E788E1 /* PBXContainerItemProxy */ = {
			isa = PBXContainerItemProxy;
			containerPortal = D512D63918C91B9300E788E1 /* Project object */;
			proxyType = 1;
			remoteGlobalIDString = D512D64018C91B9300E788E1;
			remoteInfo = PickUp;
		};
/* End PBXContainerItemProxy section */

/* Begin PBXFileReference section */
		2E3CC38318CE4D5300CC2133 /* clipboard.png */ = {isa = PBXFileReference; lastKnownFileType = image.png; path = clipboard.png; sourceTree = "<group>"; };
		2E3FC47818DDF1A3006D0FE5 /* PickUp.h */ = {isa = PBXFileReference; fileEncoding = 4; lastKnownFileType = sourcecode.c.h; path = PickUp.h; sourceTree = "<group>"; };
		2E3FC47918DDF1A3006D0FE5 /* PickUp.m */ = {isa = PBXFileReference; fileEncoding = 4; lastKnownFileType = sourcecode.c.objc; path = PickUp.m; sourceTree = "<group>"; };
		2E3FC47B18DFA04A006D0FE5 /* sport-shoes.png */ = {isa = PBXFileReference; lastKnownFileType = image.png; path = "sport-shoes.png"; sourceTree = "<group>"; };
		2E3FC47F18DFA0DF006D0FE5 /* soccertab.png */ = {isa = PBXFileReference; lastKnownFileType = image.png; path = soccertab.png; sourceTree = "<group>"; };
		2E3FC48118DFA128006D0FE5 /* sportshoesTab.png */ = {isa = PBXFileReference; lastKnownFileType = image.png; path = sportshoesTab.png; sourceTree = "<group>"; };
		2E3FC48318DFA1C7006D0FE5 /* stopwatch.png */ = {isa = PBXFileReference; lastKnownFileType = image.png; path = stopwatch.png; sourceTree = "<group>"; };
		2EC47C4818CBBD24001F23F6 /* soccerball.png */ = {isa = PBXFileReference; lastKnownFileType = image.png; path = soccerball.png; sourceTree = "<group>"; };
		2EC47C4F18CBCB96001F23F6 /* unchecked.png */ = {isa = PBXFileReference; lastKnownFileType = image.png; path = unchecked.png; sourceTree = "<group>"; };
		2EC47C5118CBCBCD001F23F6 /* checkedbox.png */ = {isa = PBXFileReference; lastKnownFileType = image.png; path = checkedbox.png; sourceTree = "<group>"; };
		2EC47C5318CBCFB7001F23F6 /* greenSoccer.png */ = {isa = PBXFileReference; lastKnownFileType = image.png; path = greenSoccer.png; sourceTree = "<group>"; };
		2EC47C6118CBDB45001F23F6 /* army.png */ = {isa = PBXFileReference; lastKnownFileType = image.png; path = army.png; sourceTree = "<group>"; };
		2EC47C6918CBE795001F23F6 /* PickUpGames.plist */ = {isa = PBXFileReference; fileEncoding = 4; lastKnownFileType = text.plist.xml; path = PickUpGames.plist; sourceTree = "<group>"; };
		2EC47C6B18CBEC69001F23F6 /* scheduling.png */ = {isa = PBXFileReference; lastKnownFileType = image.png; path = scheduling.png; sourceTree = "<group>"; };
		2EC47C7118CD733F001F23F6 /* gray2.png */ = {isa = PBXFileReference; lastKnownFileType = image.png; path = gray2.png; sourceTree = "<group>"; };
		2EC47C7218CD733F001F23F6 /* gray.png */ = {isa = PBXFileReference; lastKnownFileType = image.png; path = gray.png; sourceTree = "<group>"; };
		2EC47C7918CD7D39001F23F6 /* multiple.png */ = {isa = PBXFileReference; lastKnownFileType = image.png; path = multiple.png; sourceTree = "<group>"; };
		2EC47C7B18CD83BF001F23F6 /* groupbasketball.png */ = {isa = PBXFileReference; lastKnownFileType = image.png; path = groupbasketball.png; sourceTree = "<group>"; };
		2EEC290018CAA2B300706067 /* soccerwall.jpg */ = {isa = PBXFileReference; lastKnownFileType = image.jpeg; path = soccerwall.jpg; sourceTree = "<group>"; };
		2EEC290218CAA98500706067 /* mybutton.png */ = {isa = PBXFileReference; lastKnownFileType = image.png; path = mybutton.png; sourceTree = "<group>"; };
		2EEC290418CAA9C800706067 /* mybutton@2x.png */ = {isa = PBXFileReference; lastKnownFileType = image.png; path = "mybutton@2x.png"; sourceTree = "<group>"; };
		D512D64118C91B9300E788E1 /* PickUp.app */ = {isa = PBXFileReference; explicitFileType = wrapper.application; includeInIndex = 0; path = PickUp.app; sourceTree = BUILT_PRODUCTS_DIR; };
		D512D64418C91B9300E788E1 /* Foundation.framework */ = {isa = PBXFileReference; lastKnownFileType = wrapper.framework; name = Foundation.framework; path = System/Library/Frameworks/Foundation.framework; sourceTree = SDKROOT; };
		D512D64618C91B9300E788E1 /* CoreGraphics.framework */ = {isa = PBXFileReference; lastKnownFileType = wrapper.framework; name = CoreGraphics.framework; path = System/Library/Frameworks/CoreGraphics.framework; sourceTree = SDKROOT; };
		D512D64818C91B9300E788E1 /* UIKit.framework */ = {isa = PBXFileReference; lastKnownFileType = wrapper.framework; name = UIKit.framework; path = System/Library/Frameworks/UIKit.framework; sourceTree = SDKROOT; };
		D512D64C18C91B9300E788E1 /* PickUp-Info.plist */ = {isa = PBXFileReference; lastKnownFileType = text.plist.xml; path = "PickUp-Info.plist"; sourceTree = "<group>"; };
		D512D64E18C91B9300E788E1 /* en */ = {isa = PBXFileReference; lastKnownFileType = text.plist.strings; name = en; path = en.lproj/InfoPlist.strings; sourceTree = "<group>"; };
		D512D65018C91B9300E788E1 /* main.m */ = {isa = PBXFileReference; lastKnownFileType = sourcecode.c.objc; path = main.m; sourceTree = "<group>"; };
		D512D65218C91B9300E788E1 /* PickUp-Prefix.pch */ = {isa = PBXFileReference; lastKnownFileType = sourcecode.c.h; path = "PickUp-Prefix.pch"; sourceTree = "<group>"; };
		D512D65318C91B9300E788E1 /* PickUpAppDelegate.h */ = {isa = PBXFileReference; lastKnownFileType = sourcecode.c.h; path = PickUpAppDelegate.h; sourceTree = "<group>"; };
		D512D65418C91B9300E788E1 /* PickUpAppDelegate.m */ = {isa = PBXFileReference; lastKnownFileType = sourcecode.c.objc; path = PickUpAppDelegate.m; sourceTree = "<group>"; };
		D512D65718C91B9300E788E1 /* Base */ = {isa = PBXFileReference; lastKnownFileType = file.storyboard; name = Base; path = Base.lproj/Main_iPhone.storyboard; sourceTree = "<group>"; };
		D512D65A18C91B9300E788E1 /* Base */ = {isa = PBXFileReference; lastKnownFileType = file.storyboard; name = Base; path = Base.lproj/Main_iPad.storyboard; sourceTree = "<group>"; };
		D512D65C18C91B9300E788E1 /* PickUpFirstViewController.h */ = {isa = PBXFileReference; lastKnownFileType = sourcecode.c.h; path = PickUpFirstViewController.h; sourceTree = "<group>"; };
		D512D65D18C91B9300E788E1 /* PickUpFirstViewController.m */ = {isa = PBXFileReference; lastKnownFileType = sourcecode.c.objc; path = PickUpFirstViewController.m; sourceTree = "<group>"; };
		D512D65F18C91B9300E788E1 /* PickUpSecondViewController.h */ = {isa = PBXFileReference; lastKnownFileType = sourcecode.c.h; path = PickUpSecondViewController.h; sourceTree = "<group>"; };
		D512D66018C91B9300E788E1 /* PickUpSecondViewController.m */ = {isa = PBXFileReference; lastKnownFileType = sourcecode.c.objc; path = PickUpSecondViewController.m; sourceTree = "<group>"; };
		D512D66218C91B9300E788E1 /* Images.xcassets */ = {isa = PBXFileReference; lastKnownFileType = folder.assetcatalog; path = Images.xcassets; sourceTree = "<group>"; };
		D512D66818C91B9300E788E1 /* PickUpTests.xctest */ = {isa = PBXFileReference; explicitFileType = wrapper.cfbundle; includeInIndex = 0; path = PickUpTests.xctest; sourceTree = BUILT_PRODUCTS_DIR; };
		D512D66918C91B9300E788E1 /* XCTest.framework */ = {isa = PBXFileReference; lastKnownFileType = wrapper.framework; name = XCTest.framework; path = Library/Frameworks/XCTest.framework; sourceTree = DEVELOPER_DIR; };
		D512D67118C91B9300E788E1 /* PickUpTests-Info.plist */ = {isa = PBXFileReference; lastKnownFileType = text.plist.xml; path = "PickUpTests-Info.plist"; sourceTree = "<group>"; };
		D512D67318C91B9300E788E1 /* en */ = {isa = PBXFileReference; lastKnownFileType = text.plist.strings; name = en; path = en.lproj/InfoPlist.strings; sourceTree = "<group>"; };
		D512D67518C91B9300E788E1 /* PickUpTests.m */ = {isa = PBXFileReference; lastKnownFileType = sourcecode.c.objc; path = PickUpTests.m; sourceTree = "<group>"; };
		D546387F18CA78C70028D662 /* RegisterViewController.h */ = {isa = PBXFileReference; fileEncoding = 4; lastKnownFileType = sourcecode.c.h; path = RegisterViewController.h; sourceTree = "<group>"; };
		D546388018CA78C70028D662 /* RegisterViewController.m */ = {isa = PBXFileReference; fileEncoding = 4; lastKnownFileType = sourcecode.c.objc; path = RegisterViewController.m; sourceTree = "<group>"; };
		D546388218CA78E70028D662 /* InitialViewController.h */ = {isa = PBXFileReference; fileEncoding = 4; lastKnownFileType = sourcecode.c.h; path = InitialViewController.h; sourceTree = "<group>"; };
		D546388318CA78E70028D662 /* InitialViewController.m */ = {isa = PBXFileReference; fileEncoding = 4; lastKnownFileType = sourcecode.c.objc; path = InitialViewController.m; sourceTree = "<group>"; };
		D546388518CA794A0028D662 /* MyEventsViewController.h */ = {isa = PBXFileReference; fileEncoding = 4; lastKnownFileType = sourcecode.c.h; path = MyEventsViewController.h; sourceTree = "<group>"; };
		D546388618CA794A0028D662 /* MyEventsViewController.m */ = {isa = PBXFileReference; fileEncoding = 4; lastKnownFileType = sourcecode.c.objc; path = MyEventsViewController.m; sourceTree = "<group>"; };
		D54D21B818CBC42000B2C4D0 /* SearchResultsViewController.h */ = {isa = PBXFileReference; fileEncoding = 4; lastKnownFileType = sourcecode.c.h; path = SearchResultsViewController.h; sourceTree = "<group>"; };
		D54D21B918CBC42000B2C4D0 /* SearchResultsViewController.m */ = {isa = PBXFileReference; fileEncoding = 4; lastKnownFileType = sourcecode.c.objc; path = SearchResultsViewController.m; sourceTree = "<group>"; };
		D54D21BB18CBCEB300B2C4D0 /* EventInfoViewController.h */ = {isa = PBXFileReference; fileEncoding = 4; lastKnownFileType = sourcecode.c.h; path = EventInfoViewController.h; sourceTree = "<group>"; };
		D54D21BC18CBCEB300B2C4D0 /* EventInfoViewController.m */ = {isa = PBXFileReference; fileEncoding = 4; lastKnownFileType = sourcecode.c.objc; path = EventInfoViewController.m; sourceTree = "<group>"; };
		D54D21C018CBD8F000B2C4D0 /* ProfessionalViewController.h */ = {isa = PBXFileReference; fileEncoding = 4; lastKnownFileType = sourcecode.c.h; path = ProfessionalViewController.h; sourceTree = "<group>"; };
		D54D21C118CBD8F000B2C4D0 /* ProfessionalViewController.m */ = {isa = PBXFileReference; fileEncoding = 4; lastKnownFileType = sourcecode.c.objc; path = ProfessionalViewController.m; sourceTree = "<group>"; };
		D54D21C318CBE77D00B2C4D0 /* mlb.plist */ = {isa = PBXFileReference; fileEncoding = 4; lastKnownFileType = text.plist.xml; path = mlb.plist; sourceTree = "<group>"; };
		D54D21C518CBE78400B2C4D0 /* mls.plist */ = {isa = PBXFileReference; fileEncoding = 4; lastKnownFileType = text.plist.xml; path = mls.plist; sourceTree = "<group>"; };
		D54D21CB18CBEB1900B2C4D0 /* WebViewController.h */ = {isa = PBXFileReference; fileEncoding = 4; lastKnownFileType = sourcecode.c.h; path = WebViewController.h; sourceTree = "<group>"; };
		D54D21CC18CBEB1900B2C4D0 /* WebViewController.m */ = {isa = PBXFileReference; fileEncoding = 4; lastKnownFileType = sourcecode.c.objc; path = WebViewController.m; sourceTree = "<group>"; };
		D5526B1F18CA5122001AF659 /* CreateEventViewController.h */ = {isa = PBXFileReference; fileEncoding = 4; lastKnownFileType = sourcecode.c.h; path = CreateEventViewController.h; sourceTree = "<group>"; };
		D5526B2018CA5122001AF659 /* CreateEventViewController.m */ = {isa = PBXFileReference; fileEncoding = 4; lastKnownFileType = sourcecode.c.objc; path = CreateEventViewController.m; sourceTree = "<group>"; };
		D56B679418CE3E4A00B15EB1 /* MapKit.framework */ = {isa = PBXFileReference; lastKnownFileType = wrapper.framework; name = MapKit.framework; path = System/Library/Frameworks/MapKit.framework; sourceTree = SDKROOT; };
		D59AE13B18C93D8700037820 /* PickUpViewController.h */ = {isa = PBXFileReference; fileEncoding = 4; lastKnownFileType = sourcecode.c.h; path = PickUpViewController.h; sourceTree = "<group>"; };
		D59AE13C18C93D8700037820 /* PickUpViewController.m */ = {isa = PBXFileReference; fileEncoding = 4; lastKnownFileType = sourcecode.c.objc; path = PickUpViewController.m; sourceTree = "<group>"; };
		D59AE13E18C9438E00037820 /* LoginViewController.h */ = {isa = PBXFileReference; fileEncoding = 4; lastKnownFileType = sourcecode.c.h; path = LoginViewController.h; sourceTree = "<group>"; };
		D59AE13F18C9438E00037820 /* LoginViewController.m */ = {isa = PBXFileReference; fileEncoding = 4; lastKnownFileType = sourcecode.c.objc; path = LoginViewController.m; sourceTree = "<group>"; };
		D59DA84318E5ED1900F427B3 /* bcon.c */ = {isa = PBXFileReference; fileEncoding = 4; lastKnownFileType = sourcecode.c.c; path = bcon.c; sourceTree = "<group>"; };
		D59DA84418E5ED1900F427B3 /* bcon.h */ = {isa = PBXFileReference; fileEncoding = 4; lastKnownFileType = sourcecode.c.h; path = bcon.h; sourceTree = "<group>"; };
		D59DA84518E5ED1900F427B3 /* bson.c */ = {isa = PBXFileReference; fileEncoding = 4; lastKnownFileType = sourcecode.c.c; path = bson.c; sourceTree = "<group>"; };
		D59DA84618E5ED1900F427B3 /* bson.h */ = {isa = PBXFileReference; fileEncoding = 4; lastKnownFileType = sourcecode.c.h; path = bson.h; sourceTree = "<group>"; };
		D59DA84718E5ED1900F427B3 /* encoding.c */ = {isa = PBXFileReference; fileEncoding = 4; lastKnownFileType = sourcecode.c.c; path = encoding.c; sourceTree = "<group>"; };
		D59DA84818E5ED1900F427B3 /* encoding.h */ = {isa = PBXFileReference; fileEncoding = 4; lastKnownFileType = sourcecode.c.h; path = encoding.h; sourceTree = "<group>"; };
		D59DA84918E5ED1900F427B3 /* env.c */ = {isa = PBXFileReference; fileEncoding = 4; lastKnownFileType = sourcecode.c.c; path = env.c; sourceTree = "<group>"; };
		D59DA84A18E5ED1900F427B3 /* env.h */ = {isa = PBXFileReference; fileEncoding = 4; lastKnownFileType = sourcecode.c.h; path = env.h; sourceTree = "<group>"; };
		D59DA84B18E5ED1900F427B3 /* gridfs.c */ = {isa = PBXFileReference; fileEncoding = 4; lastKnownFileType = sourcecode.c.c; path = gridfs.c; sourceTree = "<group>"; };
		D59DA84C18E5ED1900F427B3 /* gridfs.h */ = {isa = PBXFileReference; fileEncoding = 4; lastKnownFileType = sourcecode.c.h; path = gridfs.h; sourceTree = "<group>"; };
		D59DA84D18E5ED1900F427B3 /* md5.c */ = {isa = PBXFileReference; fileEncoding = 4; lastKnownFileType = sourcecode.c.c; path = md5.c; sourceTree = "<group>"; };
		D59DA84E18E5ED1900F427B3 /* md5.h */ = {isa = PBXFileReference; fileEncoding = 4; lastKnownFileType = sourcecode.c.h; path = md5.h; sourceTree = "<group>"; };
		D59DA84F18E5ED1900F427B3 /* mongo.c */ = {isa = PBXFileReference; fileEncoding = 4; lastKnownFileType = sourcecode.c.c; path = mongo.c; sourceTree = "<group>"; };
		D59DA85018E5ED1900F427B3 /* mongo.h */ = {isa = PBXFileReference; fileEncoding = 4; lastKnownFileType = sourcecode.c.h; path = mongo.h; sourceTree = "<group>"; };
		D59DA85118E5ED1900F427B3 /* numbers.c */ = {isa = PBXFileReference; fileEncoding = 4; lastKnownFileType = sourcecode.c.c; path = numbers.c; sourceTree = "<group>"; };
		D59DA85B18E5EDAD00F427B3 /* OrderedDictionary.h */ = {isa = PBXFileReference; fileEncoding = 4; lastKnownFileType = sourcecode.c.h; path = OrderedDictionary.h; sourceTree = "<group>"; };
		D59DA85C18E5EDAD00F427B3 /* OrderedDictionary.m */ = {isa = PBXFileReference; fileEncoding = 4; lastKnownFileType = sourcecode.c.objc; path = OrderedDictionary.m; sourceTree = "<group>"; };
		D59DA85F18E5EDB800F427B3 /* Mongo_Helper.h */ = {isa = PBXFileReference; fileEncoding = 4; lastKnownFileType = sourcecode.c.h; path = Mongo_Helper.h; sourceTree = "<group>"; };
		D59DA86018E5EDB800F427B3 /* Mongo_Helper.m */ = {isa = PBXFileReference; fileEncoding = 4; lastKnownFileType = sourcecode.c.objc; path = Mongo_Helper.m; sourceTree = "<group>"; };
		D59DA86118E5EDB800F427B3 /* Mongo_PrivateInterfaces.h */ = {isa = PBXFileReference; fileEncoding = 4; lastKnownFileType = sourcecode.c.h; path = Mongo_PrivateInterfaces.h; sourceTree = "<group>"; };
		D59DA86218E5EDB800F427B3 /* MongoConnection+Diagnostics.h */ = {isa = PBXFileReference; fileEncoding = 4; lastKnownFileType = sourcecode.c.h; path = "MongoConnection+Diagnostics.h"; sourceTree = "<group>"; };
		D59DA86318E5EDB800F427B3 /* MongoConnection+Diagnostics.m */ = {isa = PBXFileReference; fileEncoding = 4; lastKnownFileType = sourcecode.c.objc; path = "MongoConnection+Diagnostics.m"; sourceTree = "<group>"; };
		D59DA86418E5EDB800F427B3 /* MongoConnection.h */ = {isa = PBXFileReference; fileEncoding = 4; lastKnownFileType = sourcecode.c.h; path = MongoConnection.h; sourceTree = "<group>"; };
		D59DA86518E5EDB800F427B3 /* MongoConnection.m */ = {isa = PBXFileReference; fileEncoding = 4; lastKnownFileType = sourcecode.c.objc; path = MongoConnection.m; sourceTree = "<group>"; };
		D59DA86618E5EDB800F427B3 /* MongoCursor.h */ = {isa = PBXFileReference; fileEncoding = 4; lastKnownFileType = sourcecode.c.h; path = MongoCursor.h; sourceTree = "<group>"; };
		D59DA86718E5EDB800F427B3 /* MongoCursor.m */ = {isa = PBXFileReference; fileEncoding = 4; lastKnownFileType = sourcecode.c.objc; path = MongoCursor.m; sourceTree = "<group>"; };
		D59DA86818E5EDB800F427B3 /* MongoDBCollection.h */ = {isa = PBXFileReference; fileEncoding = 4; lastKnownFileType = sourcecode.c.h; path = MongoDBCollection.h; sourceTree = "<group>"; };
		D59DA86918E5EDB800F427B3 /* MongoDBCollection.m */ = {isa = PBXFileReference; fileEncoding = 4; lastKnownFileType = sourcecode.c.objc; path = MongoDBCollection.m; sourceTree = "<group>"; };
		D59DA86A18E5EDB800F427B3 /* MongoFindRequest.h */ = {isa = PBXFileReference; fileEncoding = 4; lastKnownFileType = sourcecode.c.h; path = MongoFindRequest.h; sourceTree = "<group>"; };
		D59DA86B18E5EDB800F427B3 /* MongoFindRequest.m */ = {isa = PBXFileReference; fileEncoding = 4; lastKnownFileType = sourcecode.c.objc; path = MongoFindRequest.m; sourceTree = "<group>"; };
		D59DA86C18E5EDB800F427B3 /* MongoKeyedPredicate.h */ = {isa = PBXFileReference; fileEncoding = 4; lastKnownFileType = sourcecode.c.h; path = MongoKeyedPredicate.h; sourceTree = "<group>"; };
		D59DA86D18E5EDB800F427B3 /* MongoKeyedPredicate.m */ = {isa = PBXFileReference; fileEncoding = 4; lastKnownFileType = sourcecode.c.objc; path = MongoKeyedPredicate.m; sourceTree = "<group>"; };
		D59DA86E18E5EDB800F427B3 /* MongoPredicate.h */ = {isa = PBXFileReference; fileEncoding = 4; lastKnownFileType = sourcecode.c.h; path = MongoPredicate.h; sourceTree = "<group>"; };
		D59DA86F18E5EDB800F427B3 /* MongoPredicate.m */ = {isa = PBXFileReference; fileEncoding = 4; lastKnownFileType = sourcecode.c.objc; path = MongoPredicate.m; sourceTree = "<group>"; };
		D59DA87018E5EDB800F427B3 /* MongoTypes.h */ = {isa = PBXFileReference; fileEncoding = 4; lastKnownFileType = sourcecode.c.h; path = MongoTypes.h; sourceTree = "<group>"; };
		D59DA87118E5EDB800F427B3 /* MongoTypes.m */ = {isa = PBXFileReference; fileEncoding = 4; lastKnownFileType = sourcecode.c.objc; path = MongoTypes.m; sourceTree = "<group>"; };
		D59DA87218E5EDB800F427B3 /* MongoUpdateRequest.h */ = {isa = PBXFileReference; fileEncoding = 4; lastKnownFileType = sourcecode.c.h; path = MongoUpdateRequest.h; sourceTree = "<group>"; };
		D59DA87318E5EDB800F427B3 /* MongoUpdateRequest.m */ = {isa = PBXFileReference; fileEncoding = 4; lastKnownFileType = sourcecode.c.objc; path = MongoUpdateRequest.m; sourceTree = "<group>"; };
		D59DA87418E5EDB800F427B3 /* MongoWriteConcern.h */ = {isa = PBXFileReference; fileEncoding = 4; lastKnownFileType = sourcecode.c.h; path = MongoWriteConcern.h; sourceTree = "<group>"; };
		D59DA87518E5EDB800F427B3 /* MongoWriteConcern.m */ = {isa = PBXFileReference; fileEncoding = 4; lastKnownFileType = sourcecode.c.objc; path = MongoWriteConcern.m; sourceTree = "<group>"; };
		D59DA87618E5EDB800F427B3 /* NSArray+MongoAdditions.h */ = {isa = PBXFileReference; fileEncoding = 4; lastKnownFileType = sourcecode.c.h; path = "NSArray+MongoAdditions.h"; sourceTree = "<group>"; };
		D59DA87718E5EDB800F427B3 /* NSArray+MongoAdditions.m */ = {isa = PBXFileReference; fileEncoding = 4; lastKnownFileType = sourcecode.c.objc; path = "NSArray+MongoAdditions.m"; sourceTree = "<group>"; };
		D59DA87818E5EDB800F427B3 /* ObjCMongoDB.h */ = {isa = PBXFileReference; fileEncoding = 4; lastKnownFileType = sourcecode.c.h; path = ObjCMongoDB.h; sourceTree = "<group>"; };
		D59DA88618E5EDC000F427B3 /* BSON_Helper.h */ = {isa = PBXFileReference; fileEncoding = 4; lastKnownFileType = sourcecode.c.h; path = BSON_Helper.h; sourceTree = "<group>"; };
		D59DA88718E5EDC000F427B3 /* BSON_Helper.m */ = {isa = PBXFileReference; fileEncoding = 4; lastKnownFileType = sourcecode.c.objc; path = BSON_Helper.m; sourceTree = "<group>"; };
		D59DA88818E5EDC000F427B3 /* BSON_PrivateInterfaces.h */ = {isa = PBXFileReference; fileEncoding = 4; lastKnownFileType = sourcecode.c.h; path = BSON_PrivateInterfaces.h; sourceTree = "<group>"; };
		D59DA88918E5EDC000F427B3 /* BSONCoding.h */ = {isa = PBXFileReference; fileEncoding = 4; lastKnownFileType = sourcecode.c.h; path = BSONCoding.h; sourceTree = "<group>"; };
		D59DA88A18E5EDC000F427B3 /* BSONDecoder.h */ = {isa = PBXFileReference; fileEncoding = 4; lastKnownFileType = sourcecode.c.h; path = BSONDecoder.h; sourceTree = "<group>"; };
		D59DA88B18E5EDC000F427B3 /* BSONDecoder.m */ = {isa = PBXFileReference; fileEncoding = 4; lastKnownFileType = sourcecode.c.objc; path = BSONDecoder.m; sourceTree = "<group>"; };
		D59DA88C18E5EDC000F427B3 /* BSONDocument.h */ = {isa = PBXFileReference; fileEncoding = 4; lastKnownFileType = sourcecode.c.h; path = BSONDocument.h; sourceTree = "<group>"; };
		D59DA88D18E5EDC000F427B3 /* BSONDocument.m */ = {isa = PBXFileReference; fileEncoding = 4; lastKnownFileType = sourcecode.c.objc; path = BSONDocument.m; sourceTree = "<group>"; };
		D59DA88E18E5EDC000F427B3 /* BSONEncoder.h */ = {isa = PBXFileReference; fileEncoding = 4; lastKnownFileType = sourcecode.c.h; path = BSONEncoder.h; sourceTree = "<group>"; };
		D59DA88F18E5EDC000F427B3 /* BSONEncoder.m */ = {isa = PBXFileReference; fileEncoding = 4; lastKnownFileType = sourcecode.c.objc; path = BSONEncoder.m; sourceTree = "<group>"; };
		D59DA89018E5EDC000F427B3 /* BSONIterator.h */ = {isa = PBXFileReference; fileEncoding = 4; lastKnownFileType = sourcecode.c.h; path = BSONIterator.h; sourceTree = "<group>"; };
		D59DA89118E5EDC000F427B3 /* BSONIterator.m */ = {isa = PBXFileReference; fileEncoding = 4; lastKnownFileType = sourcecode.c.objc; path = BSONIterator.m; sourceTree = "<group>"; };
		D59DA89218E5EDC000F427B3 /* BSONTypes.h */ = {isa = PBXFileReference; fileEncoding = 4; lastKnownFileType = sourcecode.c.h; path = BSONTypes.h; sourceTree = "<group>"; };
		D59DA89318E5EDC000F427B3 /* BSONTypes.m */ = {isa = PBXFileReference; fileEncoding = 4; lastKnownFileType = sourcecode.c.objc; path = BSONTypes.m; sourceTree = "<group>"; };
		D59DA89418E5EDC000F427B3 /* NSData+BSONAdditions.h */ = {isa = PBXFileReference; fileEncoding = 4; lastKnownFileType = sourcecode.c.h; path = "NSData+BSONAdditions.h"; sourceTree = "<group>"; };
		D59DA89518E5EDC000F427B3 /* NSData+BSONAdditions.m */ = {isa = PBXFileReference; fileEncoding = 4; lastKnownFileType = sourcecode.c.objc; path = "NSData+BSONAdditions.m"; sourceTree = "<group>"; };
		D59DA89618E5EDC000F427B3 /* NSDictionary+BSONAdditions.h */ = {isa = PBXFileReference; fileEncoding = 4; lastKnownFileType = sourcecode.c.h; path = "NSDictionary+BSONAdditions.h"; sourceTree = "<group>"; };
		D59DA89718E5EDC000F427B3 /* NSDictionary+BSONAdditions.m */ = {isa = PBXFileReference; fileEncoding = 4; lastKnownFileType = sourcecode.c.objc; path = "NSDictionary+BSONAdditions.m"; sourceTree = "<group>"; };
		D59DA89818E5EDC000F427B3 /* NSManagedObject+BSONCoding.h */ = {isa = PBXFileReference; fileEncoding = 4; lastKnownFileType = sourcecode.c.h; path = "NSManagedObject+BSONCoding.h"; sourceTree = "<group>"; };
		D59DA89918E5EDC000F427B3 /* NSManagedObject+BSONCoding.m */ = {isa = PBXFileReference; fileEncoding = 4; lastKnownFileType = sourcecode.c.objc; path = "NSManagedObject+BSONCoding.m"; sourceTree = "<group>"; };
		D59DA89A18E5EDC000F427B3 /* NSString+BSONAdditions.h */ = {isa = PBXFileReference; fileEncoding = 4; lastKnownFileType = sourcecode.c.h; path = "NSString+BSONAdditions.h"; sourceTree = "<group>"; };
		D59DA89B18E5EDC000F427B3 /* NSString+BSONAdditions.m */ = {isa = PBXFileReference; fileEncoding = 4; lastKnownFileType = sourcecode.c.objc; path = "NSString+BSONAdditions.m"; sourceTree = "<group>"; };
		D59DA89C18E5EDC000F427B3 /* ObjCBSON.h */ = {isa = PBXFileReference; fileEncoding = 4; lastKnownFileType = sourcecode.c.h; path = ObjCBSON.h; sourceTree = "<group>"; };
		D59DA89D18E5EDC000F427B3 /* ObjCBSON.m */ = {isa = PBXFileReference; fileEncoding = 4; lastKnownFileType = sourcecode.c.objc; path = ObjCBSON.m; sourceTree = "<group>"; };
		D59DA8A918E5EDD400F427B3 /* CoreData.framework */ = {isa = PBXFileReference; lastKnownFileType = wrapper.framework; name = CoreData.framework; path = System/Library/Frameworks/CoreData.framework; sourceTree = SDKROOT; };
		F7BB96E418CD202F000D4746 /* nfl.plist */ = {isa = PBXFileReference; fileEncoding = 4; lastKnownFileType = text.plist.xml; path = nfl.plist; sourceTree = "<group>"; };
		F7BB96E618CD2035000D4746 /* nba.plist */ = {isa = PBXFileReference; fileEncoding = 4; lastKnownFileType = text.plist.xml; path = nba.plist; sourceTree = "<group>"; };
/* End PBXFileReference section */

/* Begin PBXFrameworksBuildPhase section */
		D512D63E18C91B9300E788E1 /* Frameworks */ = {
			isa = PBXFrameworksBuildPhase;
			buildActionMask = 2147483647;
			files = (
				D59DA8AA18E5EDD400F427B3 /* CoreData.framework in Frameworks */,
				D56B679518CE3E4A00B15EB1 /* MapKit.framework in Frameworks */,
				D512D64718C91B9300E788E1 /* CoreGraphics.framework in Frameworks */,
				D512D64918C91B9300E788E1 /* UIKit.framework in Frameworks */,
				D512D64518C91B9300E788E1 /* Foundation.framework in Frameworks */,
			);
			runOnlyForDeploymentPostprocessing = 0;
		};
		D512D66518C91B9300E788E1 /* Frameworks */ = {
			isa = PBXFrameworksBuildPhase;
			buildActionMask = 2147483647;
			files = (
				D512D66A18C91B9300E788E1 /* XCTest.framework in Frameworks */,
				D512D66C18C91B9300E788E1 /* UIKit.framework in Frameworks */,
				D512D66B18C91B9300E788E1 /* Foundation.framework in Frameworks */,
			);
			runOnlyForDeploymentPostprocessing = 0;
		};
/* End PBXFrameworksBuildPhase section */

/* Begin PBXGroup section */
		D512D63818C91B9300E788E1 = {
			isa = PBXGroup;
			children = (
				D512D64A18C91B9300E788E1 /* PickUp */,
				D512D66F18C91B9300E788E1 /* PickUpTests */,
				D512D64318C91B9300E788E1 /* Frameworks */,
				D512D64218C91B9300E788E1 /* Products */,
			);
			sourceTree = "<group>";
		};
		D512D64218C91B9300E788E1 /* Products */ = {
			isa = PBXGroup;
			children = (
				D512D64118C91B9300E788E1 /* PickUp.app */,
				D512D66818C91B9300E788E1 /* PickUpTests.xctest */,
			);
			name = Products;
			sourceTree = "<group>";
		};
		D512D64318C91B9300E788E1 /* Frameworks */ = {
			isa = PBXGroup;
			children = (
				D59DA8A918E5EDD400F427B3 /* CoreData.framework */,
				D56B679418CE3E4A00B15EB1 /* MapKit.framework */,
				D512D64418C91B9300E788E1 /* Foundation.framework */,
				D512D64618C91B9300E788E1 /* CoreGraphics.framework */,
				D512D64818C91B9300E788E1 /* UIKit.framework */,
				D512D66918C91B9300E788E1 /* XCTest.framework */,
			);
			name = Frameworks;
			sourceTree = "<group>";
		};
		D512D64A18C91B9300E788E1 /* PickUp */ = {
			isa = PBXGroup;
			children = (
				D512D65318C91B9300E788E1 /* PickUpAppDelegate.h */,
				D512D65418C91B9300E788E1 /* PickUpAppDelegate.m */,
				D59DA88518E5EDC000F427B3 /* BSON */,
				D59DA85E18E5EDB800F427B3 /* Mongo */,
				D59DA85A18E5EDAD00F427B3 /* OrderedDictionary */,
				D59DA84118E5ECD200F427B3 /* ObjCMongoDB */,
				D512D65618C91B9300E788E1 /* Main_iPhone.storyboard */,
				2E3FC47818DDF1A3006D0FE5 /* PickUp.h */,
				2E3FC47918DDF1A3006D0FE5 /* PickUp.m */,
				D54D21C018CBD8F000B2C4D0 /* ProfessionalViewController.h */,
				D54D21C118CBD8F000B2C4D0 /* ProfessionalViewController.m */,
				D54D21CB18CBEB1900B2C4D0 /* WebViewController.h */,
				D54D21CC18CBEB1900B2C4D0 /* WebViewController.m */,
				D54D21B818CBC42000B2C4D0 /* SearchResultsViewController.h */,
				D54D21B918CBC42000B2C4D0 /* SearchResultsViewController.m */,
				D59AE13E18C9438E00037820 /* LoginViewController.h */,
				D59AE13F18C9438E00037820 /* LoginViewController.m */,
				D546387F18CA78C70028D662 /* RegisterViewController.h */,
				D546388018CA78C70028D662 /* RegisterViewController.m */,
				D546388218CA78E70028D662 /* InitialViewController.h */,
				D546388318CA78E70028D662 /* InitialViewController.m */,
				D546388518CA794A0028D662 /* MyEventsViewController.h */,
				D546388618CA794A0028D662 /* MyEventsViewController.m */,
				D59AE13B18C93D8700037820 /* PickUpViewController.h */,
				D59AE13C18C93D8700037820 /* PickUpViewController.m */,
				D5526B1F18CA5122001AF659 /* CreateEventViewController.h */,
				D5526B2018CA5122001AF659 /* CreateEventViewController.m */,
				D54D21BB18CBCEB300B2C4D0 /* EventInfoViewController.h */,
				D54D21BC18CBCEB300B2C4D0 /* EventInfoViewController.m */,
				D512D65C18C91B9300E788E1 /* PickUpFirstViewController.h */,
				D512D65D18C91B9300E788E1 /* PickUpFirstViewController.m */,
				D512D65F18C91B9300E788E1 /* PickUpSecondViewController.h */,
				D512D66018C91B9300E788E1 /* PickUpSecondViewController.m */,
				2EC47C6918CBE795001F23F6 /* PickUpGames.plist */,
				D512D65918C91B9300E788E1 /* Main_iPad.storyboard */,
				2E3FC47B18DFA04A006D0FE5 /* sport-shoes.png */,
				2E3CC38318CE4D5300CC2133 /* clipboard.png */,
				2EC47C7118CD733F001F23F6 /* gray2.png */,
				2EC47C7B18CD83BF001F23F6 /* groupbasketball.png */,
				2EC47C7218CD733F001F23F6 /* gray.png */,
				2EC47C6B18CBEC69001F23F6 /* scheduling.png */,
				2E3FC48118DFA128006D0FE5 /* sportshoesTab.png */,
				2EC47C4F18CBCB96001F23F6 /* unchecked.png */,
				2E3FC47F18DFA0DF006D0FE5 /* soccertab.png */,
				2E3FC48318DFA1C7006D0FE5 /* stopwatch.png */,
				2EC47C5118CBCBCD001F23F6 /* checkedbox.png */,
				2EC47C5318CBCFB7001F23F6 /* greenSoccer.png */,
				2EC47C6118CBDB45001F23F6 /* army.png */,
				2EEC290218CAA98500706067 /* mybutton.png */,
				2EEC290018CAA2B300706067 /* soccerwall.jpg */,
				2EEC290418CAA9C800706067 /* mybutton@2x.png */,
				2EC47C4818CBBD24001F23F6 /* soccerball.png */,
				2EC47C7918CD7D39001F23F6 /* multiple.png */,
				D54D21C318CBE77D00B2C4D0 /* mlb.plist */,
				F7BB96E418CD202F000D4746 /* nfl.plist */,
				F7BB96E618CD2035000D4746 /* nba.plist */,
				D54D21C518CBE78400B2C4D0 /* mls.plist */,
				D512D66218C91B9300E788E1 /* Images.xcassets */,
				D512D64B18C91B9300E788E1 /* Supporting Files */,
			);
			path = PickUp;
			sourceTree = "<group>";
		};
		D512D64B18C91B9300E788E1 /* Supporting Files */ = {
			isa = PBXGroup;
			children = (
				D512D64C18C91B9300E788E1 /* PickUp-Info.plist */,
				D512D64D18C91B9300E788E1 /* InfoPlist.strings */,
				D512D65018C91B9300E788E1 /* main.m */,
				D512D65218C91B9300E788E1 /* PickUp-Prefix.pch */,
			);
			name = "Supporting Files";
			sourceTree = "<group>";
		};
		D512D66F18C91B9300E788E1 /* PickUpTests */ = {
			isa = PBXGroup;
			children = (
				D512D67518C91B9300E788E1 /* PickUpTests.m */,
				D512D67018C91B9300E788E1 /* Supporting Files */,
			);
			path = PickUpTests;
			sourceTree = "<group>";
		};
		D512D67018C91B9300E788E1 /* Supporting Files */ = {
			isa = PBXGroup;
			children = (
				D512D67118C91B9300E788E1 /* PickUpTests-Info.plist */,
				D512D67218C91B9300E788E1 /* InfoPlist.strings */,
			);
			name = "Supporting Files";
			sourceTree = "<group>";
		};
		D59DA84118E5ECD200F427B3 /* ObjCMongoDB */ = {
			isa = PBXGroup;
			children = (
				D59DA84218E5ED1900F427B3 /* mongo-c-driver */,
			);
			name = ObjCMongoDB;
			sourceTree = "<group>";
		};
		D59DA84218E5ED1900F427B3 /* mongo-c-driver */ = {
			isa = PBXGroup;
			children = (
				D59DA84318E5ED1900F427B3 /* bcon.c */,
				D59DA84418E5ED1900F427B3 /* bcon.h */,
				D59DA84518E5ED1900F427B3 /* bson.c */,
				D59DA84618E5ED1900F427B3 /* bson.h */,
				D59DA84718E5ED1900F427B3 /* encoding.c */,
				D59DA84818E5ED1900F427B3 /* encoding.h */,
				D59DA84918E5ED1900F427B3 /* env.c */,
				D59DA84A18E5ED1900F427B3 /* env.h */,
				D59DA84B18E5ED1900F427B3 /* gridfs.c */,
				D59DA84C18E5ED1900F427B3 /* gridfs.h */,
				D59DA84D18E5ED1900F427B3 /* md5.c */,
				D59DA84E18E5ED1900F427B3 /* md5.h */,
				D59DA84F18E5ED1900F427B3 /* mongo.c */,
				D59DA85018E5ED1900F427B3 /* mongo.h */,
				D59DA85118E5ED1900F427B3 /* numbers.c */,
			);
			name = "mongo-c-driver";
			path = src;
			sourceTree = "<group>";
		};
		D59DA85A18E5EDAD00F427B3 /* OrderedDictionary */ = {
			isa = PBXGroup;
			children = (
				D59DA85B18E5EDAD00F427B3 /* OrderedDictionary.h */,
				D59DA85C18E5EDAD00F427B3 /* OrderedDictionary.m */,
			);
			path = OrderedDictionary;
			sourceTree = "<group>";
		};
		D59DA85E18E5EDB800F427B3 /* Mongo */ = {
			isa = PBXGroup;
			children = (
				D59DA85F18E5EDB800F427B3 /* Mongo_Helper.h */,
				D59DA86018E5EDB800F427B3 /* Mongo_Helper.m */,
				D59DA86118E5EDB800F427B3 /* Mongo_PrivateInterfaces.h */,
				D59DA86218E5EDB800F427B3 /* MongoConnection+Diagnostics.h */,
				D59DA86318E5EDB800F427B3 /* MongoConnection+Diagnostics.m */,
				D59DA86418E5EDB800F427B3 /* MongoConnection.h */,
				D59DA86518E5EDB800F427B3 /* MongoConnection.m */,
				D59DA86618E5EDB800F427B3 /* MongoCursor.h */,
				D59DA86718E5EDB800F427B3 /* MongoCursor.m */,
				D59DA86818E5EDB800F427B3 /* MongoDBCollection.h */,
				D59DA86918E5EDB800F427B3 /* MongoDBCollection.m */,
				D59DA86A18E5EDB800F427B3 /* MongoFindRequest.h */,
				D59DA86B18E5EDB800F427B3 /* MongoFindRequest.m */,
				D59DA86C18E5EDB800F427B3 /* MongoKeyedPredicate.h */,
				D59DA86D18E5EDB800F427B3 /* MongoKeyedPredicate.m */,
				D59DA86E18E5EDB800F427B3 /* MongoPredicate.h */,
				D59DA86F18E5EDB800F427B3 /* MongoPredicate.m */,
				D59DA87018E5EDB800F427B3 /* MongoTypes.h */,
				D59DA87118E5EDB800F427B3 /* MongoTypes.m */,
				D59DA87218E5EDB800F427B3 /* MongoUpdateRequest.h */,
				D59DA87318E5EDB800F427B3 /* MongoUpdateRequest.m */,
				D59DA87418E5EDB800F427B3 /* MongoWriteConcern.h */,
				D59DA87518E5EDB800F427B3 /* MongoWriteConcern.m */,
				D59DA87618E5EDB800F427B3 /* NSArray+MongoAdditions.h */,
				D59DA87718E5EDB800F427B3 /* NSArray+MongoAdditions.m */,
				D59DA87818E5EDB800F427B3 /* ObjCMongoDB.h */,
			);
			path = Mongo;
			sourceTree = "<group>";
		};
		D59DA88518E5EDC000F427B3 /* BSON */ = {
			isa = PBXGroup;
			children = (
				D59DA88618E5EDC000F427B3 /* BSON_Helper.h */,
				D59DA88718E5EDC000F427B3 /* BSON_Helper.m */,
				D59DA88818E5EDC000F427B3 /* BSON_PrivateInterfaces.h */,
				D59DA88918E5EDC000F427B3 /* BSONCoding.h */,
				D59DA88A18E5EDC000F427B3 /* BSONDecoder.h */,
				D59DA88B18E5EDC000F427B3 /* BSONDecoder.m */,
				D59DA88C18E5EDC000F427B3 /* BSONDocument.h */,
				D59DA88D18E5EDC000F427B3 /* BSONDocument.m */,
				D59DA88E18E5EDC000F427B3 /* BSONEncoder.h */,
				D59DA88F18E5EDC000F427B3 /* BSONEncoder.m */,
				D59DA89018E5EDC000F427B3 /* BSONIterator.h */,
				D59DA89118E5EDC000F427B3 /* BSONIterator.m */,
				D59DA89218E5EDC000F427B3 /* BSONTypes.h */,
				D59DA89318E5EDC000F427B3 /* BSONTypes.m */,
				D59DA89418E5EDC000F427B3 /* NSData+BSONAdditions.h */,
				D59DA89518E5EDC000F427B3 /* NSData+BSONAdditions.m */,
				D59DA89618E5EDC000F427B3 /* NSDictionary+BSONAdditions.h */,
				D59DA89718E5EDC000F427B3 /* NSDictionary+BSONAdditions.m */,
				D59DA89818E5EDC000F427B3 /* NSManagedObject+BSONCoding.h */,
				D59DA89918E5EDC000F427B3 /* NSManagedObject+BSONCoding.m */,
				D59DA89A18E5EDC000F427B3 /* NSString+BSONAdditions.h */,
				D59DA89B18E5EDC000F427B3 /* NSString+BSONAdditions.m */,
				D59DA89C18E5EDC000F427B3 /* ObjCBSON.h */,
				D59DA89D18E5EDC000F427B3 /* ObjCBSON.m */,
			);
			path = BSON;
			sourceTree = "<group>";
		};
/* End PBXGroup section */

/* Begin PBXNativeTarget section */
		D512D64018C91B9300E788E1 /* PickUp */ = {
			isa = PBXNativeTarget;
			buildConfigurationList = D512D67918C91B9300E788E1 /* Build configuration list for PBXNativeTarget "PickUp" */;
			buildPhases = (
				D512D63D18C91B9300E788E1 /* Sources */,
				D512D63E18C91B9300E788E1 /* Frameworks */,
				D512D63F18C91B9300E788E1 /* Resources */,
			);
			buildRules = (
			);
			dependencies = (
			);
			name = PickUp;
			productName = PickUp;
			productReference = D512D64118C91B9300E788E1 /* PickUp.app */;
			productType = "com.apple.product-type.application";
		};
		D512D66718C91B9300E788E1 /* PickUpTests */ = {
			isa = PBXNativeTarget;
			buildConfigurationList = D512D67C18C91B9300E788E1 /* Build configuration list for PBXNativeTarget "PickUpTests" */;
			buildPhases = (
				D512D66418C91B9300E788E1 /* Sources */,
				D512D66518C91B9300E788E1 /* Frameworks */,
				D512D66618C91B9300E788E1 /* Resources */,
			);
			buildRules = (
			);
			dependencies = (
				D512D66E18C91B9300E788E1 /* PBXTargetDependency */,
			);
			name = PickUpTests;
			productName = PickUpTests;
			productReference = D512D66818C91B9300E788E1 /* PickUpTests.xctest */;
			productType = "com.apple.product-type.bundle.unit-test";
		};
/* End PBXNativeTarget section */

/* Begin PBXProject section */
		D512D63918C91B9300E788E1 /* Project object */ = {
			isa = PBXProject;
			attributes = {
				CLASSPREFIX = PickUp;
				LastUpgradeCheck = 0500;
				ORGANIZATIONNAME = Amnesiacs;
				TargetAttributes = {
					D512D66718C91B9300E788E1 = {
						TestTargetID = D512D64018C91B9300E788E1;
					};
				};
			};
			buildConfigurationList = D512D63C18C91B9300E788E1 /* Build configuration list for PBXProject "PickUp" */;
			compatibilityVersion = "Xcode 3.2";
			developmentRegion = English;
			hasScannedForEncodings = 0;
			knownRegions = (
				en,
				Base,
			);
			mainGroup = D512D63818C91B9300E788E1;
			productRefGroup = D512D64218C91B9300E788E1 /* Products */;
			projectDirPath = "";
			projectRoot = "";
			targets = (
				D512D64018C91B9300E788E1 /* PickUp */,
				D512D66718C91B9300E788E1 /* PickUpTests */,
			);
		};
/* End PBXProject section */

/* Begin PBXResourcesBuildPhase section */
		D512D63F18C91B9300E788E1 /* Resources */ = {
			isa = PBXResourcesBuildPhase;
			buildActionMask = 2147483647;
			files = (
				D54D21C618CBE78400B2C4D0 /* mls.plist in Resources */,
				2EC47C7C18CD83BF001F23F6 /* groupbasketball.png in Resources */,
				D512D65B18C91B9300E788E1 /* Main_iPad.storyboard in Resources */,
				2EC47C4D18CBBD24001F23F6 /* soccerball.png in Resources */,
				2EC47C6C18CBEC69001F23F6 /* scheduling.png in Resources */,
				2EC47C7418CD733F001F23F6 /* gray.png in Resources */,
				2E3FC47C18DFA04A006D0FE5 /* sport-shoes.png in Resources */,
				D512D66318C91B9300E788E1 /* Images.xcassets in Resources */,
				2E3FC48218DFA128006D0FE5 /* sportshoesTab.png in Resources */,
				2EEC290118CAA2B300706067 /* soccerwall.jpg in Resources */,
				D512D65818C91B9300E788E1 /* Main_iPhone.storyboard in Resources */,
				F7BB96E718CD2035000D4746 /* nba.plist in Resources */,
				F7BB96E518CD202F000D4746 /* nfl.plist in Resources */,
				2E3CC38418CE4D5300CC2133 /* clipboard.png in Resources */,
				2EEC290518CAA9C800706067 /* mybutton@2x.png in Resources */,
				D54D21C418CBE77D00B2C4D0 /* mlb.plist in Resources */,
				2EC47C7A18CD7D3A001F23F6 /* multiple.png in Resources */,
				2EEC290318CAA98500706067 /* mybutton.png in Resources */,
				2E3FC48418DFA1C7006D0FE5 /* stopwatch.png in Resources */,
				2E3FC48018DFA0DF006D0FE5 /* soccertab.png in Resources */,
				2EC47C6218CBDB45001F23F6 /* army.png in Resources */,
				2EC47C6A18CBE795001F23F6 /* PickUpGames.plist in Resources */,
				2EC47C5218CBCBCD001F23F6 /* checkedbox.png in Resources */,
				2EC47C5418CBCFB7001F23F6 /* greenSoccer.png in Resources */,
				2EC47C5018CBCB96001F23F6 /* unchecked.png in Resources */,
				2EC47C7318CD733F001F23F6 /* gray2.png in Resources */,
				D512D64F18C91B9300E788E1 /* InfoPlist.strings in Resources */,
			);
			runOnlyForDeploymentPostprocessing = 0;
		};
		D512D66618C91B9300E788E1 /* Resources */ = {
			isa = PBXResourcesBuildPhase;
			buildActionMask = 2147483647;
			files = (
				D512D67418C91B9300E788E1 /* InfoPlist.strings in Resources */,
			);
			runOnlyForDeploymentPostprocessing = 0;
		};
/* End PBXResourcesBuildPhase section */

/* Begin PBXSourcesBuildPhase section */
		D512D63D18C91B9300E788E1 /* Sources */ = {
			isa = PBXSourcesBuildPhase;
			buildActionMask = 2147483647;
			files = (
				D59DA89E18E5EDC000F427B3 /* BSON_Helper.m in Sources */,
				D59DA85718E5ED1900F427B3 /* md5.c in Sources */,
				D59DA8A118E5EDC000F427B3 /* BSONEncoder.m in Sources */,
				D5526B2118CA5122001AF659 /* CreateEventViewController.m in Sources */,
				D54D21CD18CBEB1900B2C4D0 /* WebViewController.m in Sources */,
				2E3FC47A18DDF1A3006D0FE5 /* PickUp.m in Sources */,
				D512D65E18C91B9300E788E1 /* PickUpFirstViewController.m in Sources */,
				D59DA87A18E5EDB800F427B3 /* MongoConnection+Diagnostics.m in Sources */,
				D512D65518C91B9300E788E1 /* PickUpAppDelegate.m in Sources */,
				D59DA85318E5ED1900F427B3 /* bson.c in Sources */,
				D59DA87B18E5EDB800F427B3 /* MongoConnection.m in Sources */,
				D59DA88318E5EDB800F427B3 /* MongoWriteConcern.m in Sources */,
				D59DA87E18E5EDB800F427B3 /* MongoFindRequest.m in Sources */,
				D59AE14018C9438E00037820 /* LoginViewController.m in Sources */,
				D54D21C218CBD8F000B2C4D0 /* ProfessionalViewController.m in Sources */,
				D59DA8A218E5EDC000F427B3 /* BSONIterator.m in Sources */,
				D59DA85D18E5EDAD00F427B3 /* OrderedDictionary.m in Sources */,
				D59DA88218E5EDB800F427B3 /* MongoUpdateRequest.m in Sources */,
				D54D21BA18CBC42000B2C4D0 /* SearchResultsViewController.m in Sources */,
				D546388118CA78C70028D662 /* RegisterViewController.m in Sources */,
				D59DA85218E5ED1900F427B3 /* bcon.c in Sources */,
				D546388418CA78E70028D662 /* InitialViewController.m in Sources */,
				D59DA8A518E5EDC000F427B3 /* NSDictionary+BSONAdditions.m in Sources */,
				D59DA85618E5ED1900F427B3 /* gridfs.c in Sources */,
				D59DA85418E5ED1900F427B3 /* encoding.c in Sources */,
				D59DA8A018E5EDC000F427B3 /* BSONDocument.m in Sources */,
				D59DA88118E5EDB800F427B3 /* MongoTypes.m in Sources */,
				D59DA8A718E5EDC000F427B3 /* NSString+BSONAdditions.m in Sources */,
				D59AE13D18C93D8700037820 /* PickUpViewController.m in Sources */,
				D546388718CA794A0028D662 /* MyEventsViewController.m in Sources */,
				D59DA8A418E5EDC000F427B3 /* NSData+BSONAdditions.m in Sources */,
				D59DA8A818E5EDC000F427B3 /* ObjCBSON.m in Sources */,
				D59DA85518E5ED1900F427B3 /* env.c in Sources */,
				D59DA8A318E5EDC000F427B3 /* BSONTypes.m in Sources */,
				D59DA87D18E5EDB800F427B3 /* MongoDBCollection.m in Sources */,
				D59DA85918E5ED1900F427B3 /* numbers.c in Sources */,
				D59DA89F18E5EDC000F427B3 /* BSONDecoder.m in Sources */,
				D59DA8A618E5EDC000F427B3 /* NSManagedObject+BSONCoding.m in Sources */,
				D59DA87F18E5EDB800F427B3 /* MongoKeyedPredicate.m in Sources */,
				D59DA85818E5ED1900F427B3 /* mongo.c in Sources */,
				D59DA88418E5EDB800F427B3 /* NSArray+MongoAdditions.m in Sources */,
				D59DA87918E5EDB800F427B3 /* Mongo_Helper.m in Sources */,
				D54D21BE18CBCEB300B2C4D0 /* EventInfoViewController.m in Sources */,
				D59DA88018E5EDB800F427B3 /* MongoPredicate.m in Sources */,
				D512D66118C91B9300E788E1 /* PickUpSecondViewController.m in Sources */,
				D59DA87C18E5EDB800F427B3 /* MongoCursor.m in Sources */,
				D512D65118C91B9300E788E1 /* main.m in Sources */,
			);
			runOnlyForDeploymentPostprocessing = 0;
		};
		D512D66418C91B9300E788E1 /* Sources */ = {
			isa = PBXSourcesBuildPhase;
			buildActionMask = 2147483647;
			files = (
				D512D67618C91B9300E788E1 /* PickUpTests.m in Sources */,
			);
			runOnlyForDeploymentPostprocessing = 0;
		};
/* End PBXSourcesBuildPhase section */

/* Begin PBXTargetDependency section */
		D512D66E18C91B9300E788E1 /* PBXTargetDependency */ = {
			isa = PBXTargetDependency;
			target = D512D64018C91B9300E788E1 /* PickUp */;
			targetProxy = D512D66D18C91B9300E788E1 /* PBXContainerItemProxy */;
		};
/* End PBXTargetDependency section */

/* Begin PBXVariantGroup section */
		D512D64D18C91B9300E788E1 /* InfoPlist.strings */ = {
			isa = PBXVariantGroup;
			children = (
				D512D64E18C91B9300E788E1 /* en */,
			);
			name = InfoPlist.strings;
			sourceTree = "<group>";
		};
		D512D65618C91B9300E788E1 /* Main_iPhone.storyboard */ = {
			isa = PBXVariantGroup;
			children = (
				D512D65718C91B9300E788E1 /* Base */,
			);
			name = Main_iPhone.storyboard;
			sourceTree = "<group>";
		};
		D512D65918C91B9300E788E1 /* Main_iPad.storyboard */ = {
			isa = PBXVariantGroup;
			children = (
				D512D65A18C91B9300E788E1 /* Base */,
			);
			name = Main_iPad.storyboard;
			sourceTree = "<group>";
		};
		D512D67218C91B9300E788E1 /* InfoPlist.strings */ = {
			isa = PBXVariantGroup;
			children = (
				D512D67318C91B9300E788E1 /* en */,
			);
			name = InfoPlist.strings;
			sourceTree = "<group>";
		};
/* End PBXVariantGroup section */

/* Begin XCBuildConfiguration section */
		D512D67718C91B9300E788E1 /* Debug */ = {
			isa = XCBuildConfiguration;
			buildSettings = {
				ALWAYS_SEARCH_USER_PATHS = NO;
				ARCHS = "$(ARCHS_STANDARD_INCLUDING_64_BIT)";
				CLANG_CXX_LANGUAGE_STANDARD = "gnu++0x";
				CLANG_CXX_LIBRARY = "libc++";
				CLANG_ENABLE_MODULES = YES;
				CLANG_ENABLE_OBJC_ARC = YES;
				CLANG_WARN_BOOL_CONVERSION = YES;
				CLANG_WARN_CONSTANT_CONVERSION = YES;
				CLANG_WARN_DIRECT_OBJC_ISA_USAGE = YES_ERROR;
				CLANG_WARN_EMPTY_BODY = YES;
				CLANG_WARN_ENUM_CONVERSION = YES;
				CLANG_WARN_INT_CONVERSION = YES;
				CLANG_WARN_OBJC_ROOT_CLASS = YES_ERROR;
				CLANG_WARN__DUPLICATE_METHOD_MATCH = YES;
				"CODE_SIGN_IDENTITY[sdk=iphoneos*]" = "iPhone Developer";
				COPY_PHASE_STRIP = NO;
				GCC_C_LANGUAGE_STANDARD = gnu99;
				GCC_DYNAMIC_NO_PIC = NO;
				GCC_OPTIMIZATION_LEVEL = 0;
				GCC_PREPROCESSOR_DEFINITIONS = (
					"DEBUG=1",
					"$(inherited)",
				);
				GCC_SYMBOLS_PRIVATE_EXTERN = NO;
				GCC_WARN_64_TO_32_BIT_CONVERSION = YES;
				GCC_WARN_ABOUT_RETURN_TYPE = YES_ERROR;
				GCC_WARN_UNDECLARED_SELECTOR = YES;
				GCC_WARN_UNINITIALIZED_AUTOS = YES;
				GCC_WARN_UNUSED_FUNCTION = YES;
				GCC_WARN_UNUSED_VARIABLE = YES;
				IPHONEOS_DEPLOYMENT_TARGET = 7.0;
				ONLY_ACTIVE_ARCH = YES;
				SDKROOT = iphoneos;
				TARGETED_DEVICE_FAMILY = "1,2";
			};
			name = Debug;
		};
		D512D67818C91B9300E788E1 /* Release */ = {
			isa = XCBuildConfiguration;
			buildSettings = {
				ALWAYS_SEARCH_USER_PATHS = NO;
				ARCHS = "$(ARCHS_STANDARD_INCLUDING_64_BIT)";
				CLANG_CXX_LANGUAGE_STANDARD = "gnu++0x";
				CLANG_CXX_LIBRARY = "libc++";
				CLANG_ENABLE_MODULES = YES;
				CLANG_ENABLE_OBJC_ARC = YES;
				CLANG_WARN_BOOL_CONVERSION = YES;
				CLANG_WARN_CONSTANT_CONVERSION = YES;
				CLANG_WARN_DIRECT_OBJC_ISA_USAGE = YES_ERROR;
				CLANG_WARN_EMPTY_BODY = YES;
				CLANG_WARN_ENUM_CONVERSION = YES;
				CLANG_WARN_INT_CONVERSION = YES;
				CLANG_WARN_OBJC_ROOT_CLASS = YES_ERROR;
				CLANG_WARN__DUPLICATE_METHOD_MATCH = YES;
				"CODE_SIGN_IDENTITY[sdk=iphoneos*]" = "iPhone Developer";
				COPY_PHASE_STRIP = YES;
				ENABLE_NS_ASSERTIONS = NO;
				GCC_C_LANGUAGE_STANDARD = gnu99;
				GCC_WARN_64_TO_32_BIT_CONVERSION = YES;
				GCC_WARN_ABOUT_RETURN_TYPE = YES_ERROR;
				GCC_WARN_UNDECLARED_SELECTOR = YES;
				GCC_WARN_UNINITIALIZED_AUTOS = YES;
				GCC_WARN_UNUSED_FUNCTION = YES;
				GCC_WARN_UNUSED_VARIABLE = YES;
				IPHONEOS_DEPLOYMENT_TARGET = 7.0;
				SDKROOT = iphoneos;
				TARGETED_DEVICE_FAMILY = "1,2";
				VALIDATE_PRODUCT = YES;
			};
			name = Release;
		};
		D512D67A18C91B9300E788E1 /* Debug */ = {
			isa = XCBuildConfiguration;
			buildSettings = {
				ASSETCATALOG_COMPILER_APPICON_NAME = AppIcon;
				ASSETCATALOG_COMPILER_LAUNCHIMAGE_NAME = LaunchImage;
				GCC_PRECOMPILE_PREFIX_HEADER = YES;
				GCC_PREFIX_HEADER = "PickUp/PickUp-Prefix.pch";
				INFOPLIST_FILE = "PickUp/PickUp-Info.plist";
				PRODUCT_NAME = "$(TARGET_NAME)";
				WRAPPER_EXTENSION = app;
			};
			name = Debug;
		};
		D512D67B18C91B9300E788E1 /* Release */ = {
			isa = XCBuildConfiguration;
			buildSettings = {
				ASSETCATALOG_COMPILER_APPICON_NAME = AppIcon;
				ASSETCATALOG_COMPILER_LAUNCHIMAGE_NAME = LaunchImage;
				GCC_PRECOMPILE_PREFIX_HEADER = YES;
				GCC_PREFIX_HEADER = "PickUp/PickUp-Prefix.pch";
				INFOPLIST_FILE = "PickUp/PickUp-Info.plist";
				PRODUCT_NAME = "$(TARGET_NAME)";
				WRAPPER_EXTENSION = app;
			};
			name = Release;
		};
		D512D67D18C91B9300E788E1 /* Debug */ = {
			isa = XCBuildConfiguration;
			buildSettings = {
				ARCHS = "$(ARCHS_STANDARD_INCLUDING_64_BIT)";
				BUNDLE_LOADER = "$(BUILT_PRODUCTS_DIR)/PickUp.app/PickUp";
				FRAMEWORK_SEARCH_PATHS = (
					"$(SDKROOT)/Developer/Library/Frameworks",
					"$(inherited)",
					"$(DEVELOPER_FRAMEWORKS_DIR)",
				);
				GCC_PRECOMPILE_PREFIX_HEADER = YES;
				GCC_PREFIX_HEADER = "PickUp/PickUp-Prefix.pch";
				GCC_PREPROCESSOR_DEFINITIONS = (
					"DEBUG=1",
					"$(inherited)",
				);
				INFOPLIST_FILE = "PickUpTests/PickUpTests-Info.plist";
				PRODUCT_NAME = "$(TARGET_NAME)";
				TEST_HOST = "$(BUNDLE_LOADER)";
				WRAPPER_EXTENSION = xctest;
			};
			name = Debug;
		};
		D512D67E18C91B9300E788E1 /* Release */ = {
			isa = XCBuildConfiguration;
			buildSettings = {
				ARCHS = "$(ARCHS_STANDARD_INCLUDING_64_BIT)";
				BUNDLE_LOADER = "$(BUILT_PRODUCTS_DIR)/PickUp.app/PickUp";
				FRAMEWORK_SEARCH_PATHS = (
					"$(SDKROOT)/Developer/Library/Frameworks",
					"$(inherited)",
					"$(DEVELOPER_FRAMEWORKS_DIR)",
				);
				GCC_PRECOMPILE_PREFIX_HEADER = YES;
				GCC_PREFIX_HEADER = "PickUp/PickUp-Prefix.pch";
				INFOPLIST_FILE = "PickUpTests/PickUpTests-Info.plist";
				PRODUCT_NAME = "$(TARGET_NAME)";
				TEST_HOST = "$(BUNDLE_LOADER)";
				WRAPPER_EXTENSION = xctest;
			};
			name = Release;
		};
/* End XCBuildConfiguration section */

/* Begin XCConfigurationList section */
		D512D63C18C91B9300E788E1 /* Build configuration list for PBXProject "PickUp" */ = {
			isa = XCConfigurationList;
			buildConfigurations = (
				D512D67718C91B9300E788E1 /* Debug */,
				D512D67818C91B9300E788E1 /* Release */,
			);
			defaultConfigurationIsVisible = 0;
			defaultConfigurationName = Release;
		};
		D512D67918C91B9300E788E1 /* Build configuration list for PBXNativeTarget "PickUp" */ = {
			isa = XCConfigurationList;
			buildConfigurations = (
				D512D67A18C91B9300E788E1 /* Debug */,
				D512D67B18C91B9300E788E1 /* Release */,
			);
			defaultConfigurationIsVisible = 0;
			defaultConfigurationName = Release;
		};
		D512D67C18C91B9300E788E1 /* Build configuration list for PBXNativeTarget "PickUpTests" */ = {
			isa = XCConfigurationList;
			buildConfigurations = (
				D512D67D18C91B9300E788E1 /* Debug */,
				D512D67E18C91B9300E788E1 /* Release */,
			);
			defaultConfigurationIsVisible = 0;
			defaultConfigurationName = Release;
		};
/* End XCConfigurationList section */
	};
	rootObject = D512D63918C91B9300E788E1 /* Project object */;
}
